{
  "version": 4,
  "terraform_version": "0.14.9",
  "serial": 30,
  "lineage": "66224ea7-e2e0-b96f-c627-aabcaff3f208",
  "outputs": {},
  "resources": [
    {
      "mode": "data",
      "type": "azurerm_kubernetes_service_versions",
      "name": "current",
      "provider": "provider[\"registry.terraform.io/hashicorp/azurerm\"]",
      "instances": [
        {
          "schema_version": 0,
          "attributes": {
            "id": "/subscriptions/875759d2-f6a7-4864-a5f3-e230d6c6779c/providers/Microsoft.ContainerService/locations/eastus/orchestrators",
            "include_preview": true,
            "latest_version": "1.18.14",
            "location": "eastus",
            "timeouts": null,
            "version_prefix": "1.18",
            "versions": [
              "1.18.10",
              "1.18.14"
            ]
          },
          "sensitive_attributes": []
        }
      ]
    },
    {
      "mode": "managed",
      "type": "azurerm_kubernetes_cluster",
      "name": "privateaks",
      "provider": "provider[\"registry.terraform.io/hashicorp/azurerm\"]",
      "instances": [
        {
          "schema_version": 0,
          "attributes": {
            "addon_profile": [
              {
                "aci_connector_linux": [
                  {
                    "enabled": false,
                    "subnet_name": ""
                  }
                ],
                "azure_policy": [
                  {
                    "enabled": false
                  }
                ],
                "http_application_routing": [
                  {
                    "enabled": false,
                    "http_application_routing_zone_name": ""
                  }
                ],
                "kube_dashboard": [
                  {
                    "enabled": false
                  }
                ],
                "oms_agent": [
                  {
                    "enabled": false,
                    "log_analytics_workspace_id": "",
                    "oms_agent_identity": []
                  }
                ]
              }
            ],
            "api_server_authorized_ip_ranges": null,
            "auto_scaler_profile": [],
            "automatic_channel_upgrade": "",
            "default_node_pool": [
              {
                "availability_zones": null,
                "enable_auto_scaling": false,
                "enable_host_encryption": false,
                "enable_node_public_ip": false,
                "max_count": 0,
                "max_pods": 30,
                "min_count": 0,
                "name": "default",
                "node_count": 1,
                "node_labels": null,
                "node_taints": null,
                "only_critical_addons_enabled": false,
                "orchestrator_version": "1.18.14",
                "os_disk_size_gb": 128,
                "os_disk_type": "Managed",
                "proximity_placement_group_id": "",
                "tags": null,
                "type": "VirtualMachineScaleSets",
                "upgrade_settings": [],
                "vm_size": "Standard_D2_v2",
                "vnet_subnet_id": "/subscriptions/875759d2-f6a7-4864-a5f3-e230d6c6779c/resourceGroups/spoke1-rg/providers/Microsoft.Network/virtualNetworks/spoke1-vnet/subnets/aks-subnet"
              }
            ],
            "disk_encryption_set_id": "",
            "dns_prefix": "private-aks",
            "enable_pod_security_policy": false,
            "fqdn": "",
            "id": "/subscriptions/875759d2-f6a7-4864-a5f3-e230d6c6779c/resourcegroups/spoke1-rg/providers/Microsoft.ContainerService/managedClusters/private-aks",
            "identity": [
              {
                "principal_id": "7401a03b-1ec0-48a9-80ec-40e6ca63e429",
                "tenant_id": "72f988bf-86f1-41af-91ab-2d7cd011db47",
                "type": "SystemAssigned",
                "user_assigned_identity_id": ""
              }
            ],
            "kube_admin_config": [],
            "kube_admin_config_raw": "",
            "kube_config": [
              {
                "client_certificate": "LS0tLS1CRUdJTiBDRVJUSUZJQ0FURS0tLS0tCk1JSUZIVENDQXdXZ0F3SUJBZ0lRRzJGK0pTWGw1WTJONHU5RmdMYlVsekFOQmdrcWhraUc5dzBCQVFzRkFEQU4KTVFzd0NRWURWUVFERXdKallUQWVGdzB5TVRBek1qa3hOekkxTkRaYUZ3MHlNekF6TWpreE56TTFORFphTURBeApGekFWQmdOVkJBb1REbk41YzNSbGJUcHRZWE4wWlhKek1SVXdFd1lEVlFRREV3eHRZWE4wWlhKamJHbGxiblF3CmdnSWlNQTBHQ1NxR1NJYjNEUUVCQVFVQUE0SUNEd0F3Z2dJS0FvSUNBUUNZK1JmZThPYjgwZGEwSUpxZlo5MG8KK3YxY0RlSU5zbVBjS0p0UlVVVDVRYkMxemExcUJXTkd1WGFPWU5vcmxVM3I2bmFNLzh2SkVGWStqT2czTjc4agpyazNVb1lhUmM5ODBydVJvbjVhVmJFUzliYnhpbkR3SHg1NGN3L3BZMGhkd1FEVTYzODVQbXB3bmhNcnFjL0ZDCjJqNllKVVM2VUNjaHpWZmx4bXByUVU0eGU5NXRPVWpEUWpVL2NuZDNGWG9vRHVCTUR3UmU4WDlESU14MlhJZ3MKNXdmUlBlSFpDOTZkRXByVklibWxLNnRZN1UrYUdNSVdsdXFVbk44UVlmVCtXTWtmWmFJaDBMbDBBMDNCRUZncwpNdnV5ZWtBamZkQTBQRkdRbE9IVXRNQlBQclgrYVZPWmRVb3Z1K2JjejU3Y1J5TjE4K2ozOWJDWFkrQ0NyRFROCnkxc1dGdHRzSkRNMGxibWZTbVZ6ZEJHTGN6TXRXeWlLYVVGK1UxUkNtWGdiQU9pbXFPTk1RZDFDNzRESjQ5UHEKQndhQ2pJeXZ1SE1oWG1VdlhnS2RhMWZSVmhGZENVbitxZTJGR1lPajY0N0dUeW5MK1lWR25PV0tvQVlnR3Rnbgp6aUNRZC95VWRLcnBRdkdUY0lTNVNFUkRuMlV0d1dPQkZZK3lXZEhldElldXFEdzlRbkhBTGFDRmFmRDZzOXIzCmdoR3RXUEVNS0t2RTN2Vk1VVFd2U2ZWdk5aT01WV1ZVb3dLV05jU0QvdzlVVUVzbmE0TC8rZVNHZEVBYkk5MEUKZXMwUDgrenhoZmdUY2hYL1cvcndRYjZvakR5MzJyMEl6RTg4dlBqR29PRVZFanFnMDdvbVZqd1pIL01vaVlTZwo0NWhheWk4QVd5WEpZOW5xMzNET29RSURBUUFCbzFZd1ZEQU9CZ05WSFE4QkFmOEVCQU1DQmFBd0V3WURWUjBsCkJBd3dDZ1lJS3dZQkJRVUhBd0l3REFZRFZSMFRBUUgvQkFJd0FEQWZCZ05WSFNNRUdEQVdnQlN6UktZRnVFWTEKYWlZYVRDNHlZTHZwakZJQ09UQU5CZ2txaGtpRzl3MEJBUXNGQUFPQ0FnRUFkKzhSeWIydTJ2QXRBMVYzeUg0eQpVc0pEZUFUTHJJUnZ4WnV4QkJUaEdrWG1jbEd5UHJGRWdqZFdPQzNEaUVVZGw5WW5vUzV0VGJ3QmYxVHBMSlptCjZSeEl5eGdQem5GQ0pydGoxck5Gb1RGcE9KcVZGa2FTeDRxMmlSMFdKQmdPUkhMQ2xyTXlQQXZCT2trclZHL1kKUHJzWkpSL2hzY0hOeDc4L0dnZlFTa0xLMHE1ZGN2OXFKTTVVcjZyVVYvckFLNnllZWhTcldHUVBIWThXeTF5Vgp3YkI1NG0rQUtDaVBTOTgyVFZpY3pJUGJQWUpCL1VzbFV5bzQ3ejFGamp3YjdHSFpUcHE4QTNJS1o3MU5VWkhBCjVEMnJ6eTBLTHo3UVFrc3hxYWR6UFJodlc5dC9WTWN4ZDBNRmxjS21HVURkNExyZWVFaGRrL21RdlJMWkczYysKenNOSHFCRld0c2hPTEYraEM0ZWFza2pXT0JzYzNVWStkUVV5SmljcUlvdEZSU3o3Ymc4ZGFrL3hJYnNPVjl1dApubFNPYnhzSEdGOG91aUZjSmNzL2tjZGxFc25XWjZJUXA0d0xtZHlyUi9hQkdZaklNU3JrOHRpb2ZaTDUyc3RPCkNsaUhPZVJMZzM4R0duM0c0MnlGS2FTUWJESzdvakxMYXJyUm41dE9nZUNGMG9GdlRkc2FQbHpFR1hsd21EdkQKWHo4Vy9VRStyVmMzbSt3UENJNzhwK2FLU0VQVEl1UlBlaDNWRzRiQ2NSUFBjSlgvWDU3VEpza044eG1LSU5UUApsaFI0Z1VXQlRLOVZWcE14VVNmRHFRR3RYNDc1Wlo3aWNZQzNBTHV5ck1EbUxPem9iZzB3Wjg5THNWRVoxV01vCjM5TjFZc2xDRFhIM2owM0p5QStEa2c4PQotLS0tLUVORCBDRVJUSUZJQ0FURS0tLS0tCg==",
                "client_key": "LS0tLS1CRUdJTiBSU0EgUFJJVkFURSBLRVktLS0tLQpNSUlKS1FJQkFBS0NBZ0VBbVBrWDN2RG0vTkhXdENDYW4yZmRLUHI5WEEzaURiSmozQ2liVVZGRStVR3d0YzJ0CmFnVmpScmwyam1EYUs1Vk42K3AyalAvTHlSQldQb3pvTnplL0k2NU4xS0dHa1hQZk5LN2thSitXbFd4RXZXMjgKWXB3OEI4ZWVITVA2V05JWGNFQTFPdC9PVDVxY0o0VEs2blB4UXRvK21DVkV1bEFuSWMxWDVjWnFhMEZPTVh2ZQpiVGxJdzBJMVAzSjNkeFY2S0E3Z1RBOEVYdkYvUXlETWRseUlMT2NIMFQzaDJRdmVuUkthMVNHNXBTdXJXTzFQCm1oakNGcGJxbEp6ZkVHSDAvbGpKSDJXaUlkQzVkQU5Od1JCWUxETDdzbnBBSTMzUU5EeFJrSlRoMUxUQVR6NjEKL21sVG1YVktMN3ZtM00rZTNFY2pkZlBvOS9Xd2wyUGdncXcwemN0YkZoYmJiQ1F6TkpXNW4wcGxjM1FSaTNNegpMVnNvaW1sQmZsTlVRcGw0R3dEb3BxampURUhkUXUrQXllUFQ2Z2NHZ295TXI3aHpJVjVsTDE0Q25XdFgwVllSClhRbEovcW50aFJtRG8rdU94azhweS9tRlJwemxpcUFHSUJyWUo4NGdrSGY4bEhTcTZVTHhrM0NFdVVoRVE1OWwKTGNGamdSV1BzbG5SM3JTSHJxZzhQVUp4d0MyZ2hXbncrclBhOTRJUnJWanhEQ2lyeE43MVRGRTFyMG4xYnpXVApqRlZsVktNQ2xqWEVnLzhQVkZCTEoydUMvL25raG5SQUd5UGRCSHJORC9QczhZWDRFM0lWLzF2NjhFRytxSXc4CnQ5cTlDTXhQUEx6NHhxRGhGUkk2b05PNkpsWThHUi96S0ltRW9PT1lXc292QUZzbHlXUFo2dDl3enFFQ0F3RUEKQVFLQ0FnQXZhdzkrT1JpeEIrN1ErVVpVNFdKSjRMdUd2SHIxR2ZZZ2VhbmpwQmlJVjFlS2s0NE16a3krMEtDeQpjODFOTTBQclBFdXhXMTExSHc1TTUycllLdnloOTljQ2NXdUFUUFhFbys0RGpHeW1OdUI4QTdjZ3JpTmhtZndtCkdJM1MySlVSWTZYY2NTSEh4VHBnZWFaWTFNWFZua2RHN0U2SW5tM3k2VzgwdDdPbk9hQWVjTEk3RTBXOTJSa2UKYU1JbGRNL2YrUFNJUHlOd3R0Vm5IcFNpbi81S1JQZEVZalZQRFlIZEdMWk1HTjh1RndKUFY0aVVVTlpoSURqcApCbE9UQlhwbkdXaUd4ZjlqRWd0YXJlZDlVQzYwekx6K3p5eHdsQUJsSU1sNzB0cktENW1KTnZ3OU43TUZYN2syCllMMm9kdWRjaXVTd0hJSjcwbm9DQTZERmdOSUEraTBuSGdvc281UnoxSzk1NnUveW1sZXM1Y3gvN2Ird0xZYXYKWWZiR2pPUWVpa1Z2M2FqdkZuUENHYVFSSXBvanFjd3cydlBudTdoaXRaUUxxbS9kODdhdFJVdnVTOFhXek1COQpqVXVyZnQ2QUpNT0gyVUt2WDlNeDV6eXBVaHBoRGlwV256WThpTUZzT3BScEY0UFBJRDkwZFJDQmhlZzVwZGIzCkJCUUlmSk95UVZFSk1XekdoS2dqYi9BRGtyeENWZEgvU3J5NDVMaFZLN3dVVmNVR1RDOTBOVEpoL2ZXdEhtQWkKbUxTVHBBWkUxSkZidjZoK0tydEYzQzJ1a1MxaW1kTnBkV0RnZ0w4Qlp4UkZ4YWJQQ2p3TTNEajBiMkI4QWd3cgpBUTdOcldvY2p3WGd2a3ZXYno4SmR5enpUeVljMVZaRlZ3TEZML09SR2RCT256czdMUUtDQVFFQXl5QU40MXFHCmVoQTFGd3J1WklOTVRTMDlsOGNWdHhWbDVQQ0NzNEJ6RHlraDhjYmp4QzN5SHFacFc3azlnQlZnNVpBelZRV28KZmt3YytSNFhRWlR5UXBSdEtmeEQ1NGVsR1V0Y1lINXNFYUx3M1VnNnE3U1owcVdpZUdROTB4NWJ0dlBreVZ6Twp4RWtOeXRmTmpWTzlwZkkzZGplbW1Vd2hUWHRnNWNMa29BV01nSXlXL25LTUZNOFNtNXFIbkNqNUlWRWFVZEs1Ckl3YytIL2dtdzVNei8rVkU3ZzlNbERTTTZJNEEyOTAyZGJjVGZpNm0wTnMwUjVOZHdzMU56QWZOYnVjSVVCUnAKYVc0Q2ZiWHBNY2I3YSs1aWZXZHZxSkwzc2R2eWxSYlZFMTh0Mit1YlRHZTU4K2o3VVVIcVNQVEV4R0VZa3BxaAoxNnNGYWxyQm1qN3d2d0tDQVFFQXdNcjV2cXZMK1NKd09mTWx3bUw0dGk0bFl6eUpvWldoNHdHRTBsSFlQVkU4CldLbDltS3hlMGdtRDZEVWxqWUNWVGZqNm9qY0pwc0E0bXF4b1NkbWxheENHZ3Y0YkEyTkcyQ0YrWU1UajE3cUcKR2pEekVibHVBL0hoc29nb08vV3d0cEQwelVYV25PblhMMEY4Q3lCM2hObk90WkpvaXRQU3JuUG5EdUZXOGhkYwo0TUxWeml4SzRBUEtWZExZYkxIWGNDOVhINTJhdUJwR3dURGpQdlYyT0ltZEc5NjgrL3NZd1dpQzhUN2tSKzV0CmEydExzK1N0QllndXI1QmhrR09kZE5nSjM0Vzl2Rmh3aGdQb2hlalhzeTcxMklYYjRiUmdWY04xdmRzVVBmVG4Kc0haZDAwYlNIWG9DSlBVSWhKNFRHTU0zSEpLM1JRZU1rdEI1THJDNG53S0NBUUVBajB0Z29NZm00RXQ0dUhXOApzV215dFNzNkxVMkQ4ekdFUFZxeVNhRlBDaDN4VlZnQ3JBM2hwVit1S2NmbksrbG8vdW1ZWE4xdC9STUN5WGRCCjNzRU5tb3lNNmphTlROTnpWQUhHL0VlVFEybllVN0sxdVJYaUFpbFpFV2RkK2dhTG11ZzV1UmZnd2JYcnBmSlIKanViSmZqeitoVVpESUJnRjBsdzhnam5ZQVUrSXk5TGlYa1Erc0J0WXZDN3FoZTZkdWJRMlJnekxFSHYyaHFVUAo2NTUzNjRrNDlGd1VvT1RsbHRVK285eE5wQU53Rys4YlBYRzJVdHdTSSsramQxRDF5c3Z2SUZjVitndGlkSDZWCk1NbDM2cTgwQ2RXamZwK1hYNENUaER1a08xTkV6Y1ZMUEQ1Y2YwWVhyVDQ3NGhYU2pkc1ZjNjdraDNtZGkyYlUKOTFSNWp3S0NBUUJCOS9JM0hSL2hjcmhHQy80YW9yVUoyWVp2aTNKb3VRTzQ0bmNwWkZvQ3VUNVY5RUVHc2N5TQpRRGREaUpQOTlFYWlkSlNHVnlEVlR5YlBQams5TTkwWFlvTTBaWENtMnh5TnJnQkphbld3QnFJR2FrTnlDQ290CjdXRldMcUxkeVhjYk1VU2l6TWZmejJBVFNtd0FmcTZHNWVTR1dyK3M2VWhJNjEzZnlKbHdveS9qdEtkbU1kKzUKQVhNRnBPenJYSHNrWnY1LzBmVDBGQUdyNzJlQ3pva1NWWHhONGd4MmlIZnpEaWpvRmFZVk91OXo5elhqSzFkTQo4a2xQUjY4cXNmdFoxT2FqOW1aekFTd1huMVM4SlcxUlliczd5S254ZEVBV2VKaGNTNCtFbDcyRHN5enRzMmtJCkx3eDJ5dVdNUTI2elpYRUJOTzdERHc4NTJWM3Q3UWh2QW9JQkFRQ21tQ3Q3djViY2kzdUMyZDNQWmE1WEJFM1kKMC85Q0V0UkxLVHZjWmJBd01uVHNmeHlrUmZaMEZObnZTakNsQWV5bnEzZFRwZlVTVjZsMGNCbzVUeXZBbjN1Two4aWwwMVFKSHFhQ3gwTCt1K0Z1R2JqdjBKY0c0QkNxZ013WnRZNXI5bGJJVHR2aU5TdUQ1Mk5PMk9UemZHL3g4CklPejY0VVJuUFN3VU5lM3Z2bWhkcHA5VzQvVG0xVXlhelBaWXdiODRwVnh1dkk5MjMvUXZNQVJNa0FadjBycWEKNUxIUWdzTStnNDU0UklsS2N1RDN0eE8xeURuZWhVSTV2V0Rzb090c21WQkhVaFlaMC9nOXlONHJBWWc5dFk5VApRZTdHZ0xLTStFWEdxRGp2QktzUlBNNC9xN2hkYlJ5ano3WUw4U2NqN3J1a3VkblZaZ2h0L0ZPTk0rZ2gKLS0tLS1FTkQgUlNBIFBSSVZBVEUgS0VZLS0tLS0K",
                "cluster_ca_certificate": "LS0tLS1CRUdJTiBDRVJUSUZJQ0FURS0tLS0tCk1JSUU2VENDQXRHZ0F3SUJBZ0lSQU5YVUg4YVBNUG9ZSVhSelpKalhtNjB3RFFZSktvWklodmNOQVFFTEJRQXcKRFRFTE1Ba0dBMVVFQXhNQ1kyRXdJQmNOTWpFd016STVNVGN5TlRRMldoZ1BNakExTVRBek1qa3hOek0xTkRaYQpNQTB4Q3pBSkJnTlZCQU1UQW1OaE1JSUNJakFOQmdrcWhraUc5dzBCQVFFRkFBT0NBZzhBTUlJQ0NnS0NBZ0VBCnpMY0VUNG93OHR2NW40bEJ2KytONmNhUHdQUWFFZ25sVHpyWEJIMm9BL29ZeHBiTFAzNWRZVERiZWJpek01VnMKeU5EMWIzTnVIOXdXWEtBUjZ6U0wwZ242d2FTSlJraWpuK3lreG1qVG1JL0pUYUFzR3lIRDRrQ05nQnRxdjZIQQovUU16OG5iTTlrWVVBeHVDTHdBSi8rSEVVM2dscEdRS25hanZSM1VSa294NnYyaEV0TnYwRjdYT1hDaHVYTHljClR5ejExVjZDUUZ5Q3VGMW13RHJRY2xkQ1FKOFp5ZkVMUkRkNitkdEpjWkRRV0luSytUWWV3R2FkY1J5YTlHYk8KamdUcU8yWlh1NlRpMG1lc1pzSmFnQUlzOHdxMU5FU0VRWmROb2pWTVBURHhTU0RzRDZxbU9OZVZ2ZE1Vc1kzcwppczRYUk1rU281K0h0a0NLQXpHWFRwL0JCT0VsNVN4MHd6Um1MYU0wZ2lZQ1dvcTVLOUtXb2ZGNVZ0K3JxV1NwCjZhYnZ5VE9tY0hlT0xhUlhUSm0vYlI3NnpVVEJOckJUZ1ZBb0hnTk1ObFFPdHo5NVYrc2tVQTlVYjQ2eUpWdk4KYUYrT0xzMmQycExabk80SDQ3MWJHVUs0c0VjMkcvbXdBcUxCenhJcHlRN2l6aHhpNHMwSitTMzRvYXpZZXE3Vgp5SVU1RDF0TlFtV0lId1hwQU14YThJYnllSzFwNC8rWlhqeFJmMklyOVR1ek91Q2IxbnNUQlY0R2V1bEh3SVpmCklOVWYzbStmYlZQei9kbCs5Z0ZRVm05ajlIVExjU3E0TE5oZVIzdjBIdkxZWEJ0Wm94Z1RwU2pyUVZSQnJYdGIKRTJXRXZPSnEzcmNldDVMVk5IaHVSdXhRRytlbWh4eDRVWk43RTRNY2ZzTUNBd0VBQWFOQ01FQXdEZ1lEVlIwUApBUUgvQkFRREFnS2tNQThHQTFVZEV3RUIvd1FGTUFNQkFmOHdIUVlEVlIwT0JCWUVGTE5FcGdXNFJqVnFKaHBNCkxqSmd1K21NVWdJNU1BMEdDU3FHU0liM0RRRUJDd1VBQTRJQ0FRQ0o3ZWtQRm1QNVdYeHJ5ZExpUnBlaDk1QVkKbER3bklIRHQ1NEpOcWV6bG4ycmh4WXRkdWJ5OWo0SnFZSmxnMC9qeTN4N3BNTWd6dkhDN3dmOTlPN2xhSW9SeAo2UUNFQWhRN200bG4xZkpMWEJmb01XaEY4N0JlVkJTUjR4NzlVT2l5aHY4WVJ4dVNBKzFKcENpdDR2NFd0Q0RmCks3UG1Pa2dLT2FCa2Y2WXVSMG1DTTJ3bndvaEZSVjdEVHl1VGZBMUxzY2tiTFppenhRUHdZUVlWZE1COWNYRE8Kb2IzVmZtTkNXR0IwaFAwcUpsVE1CQXJNUjlEZGRxcHY4MG5FV21mUm9JSC82SVRLaFY2aTExL3Z3VHVGR2FFQQplbEtxUEpTcEFIZ1d2NXhtUElaUnMzVnhGSFNyaGJwbm1BRU95dFJCcjRjdnJGMCsrRXFteElENVh4KzgyYWRMCkt4TFp5WmQzdVF5Zm5TRWkyTU5kM2JiLzYyeWIvWG5DV0oyYmN1Wnd0NDZBbDRWS3E2SHBFcFFBbGw2bGxyanAKNnZMVzBkT1hreENUTVdYWHpGNkkyNnFLcVIrNEdyTmZqdzFVQ1ovVjlGR210cDJWUlZDMFF2bUpjelB6Z1V5OQpKOWJIMGlEQnFnNEQwZ0xtNnNnZGkxelhPbUR0WlBtSU5qNEhockQ2NE94dGJIRXByNzdBZFJsY0JISDhTSjJ0Cjh6Q2dQYXhmRUwwUVdqT3Jxa2xRdHprbkZiWEJ0d29KSVVjY1dNR0kvbGh3SGdWU0p4aHB5OUhsUE5GL3BmbFEKdDJwSklCcjBDdGpXeEhvQXFrSFNzNGd1YUtySVIzelhDVVY1YTVJUDc0QUJlakN1bUN6K2gzSFFqT1ljdUpTSApFM0ZHWXA3UTllY1dCT1pseXc9PQotLS0tLUVORCBDRVJUSUZJQ0FURS0tLS0tCg==",
                "host": "https://private-aks-e92ceeb2.24bc9a80-2b16-4d31-98f7-2ddd52d5480c.privatelink.eastus.azmk8s.io:443",
                "password": "d6bfa8cb502bcbc9691b3e3801477e69344816f52abda0374c809dba67c902a30abb2f2d36aa7900938b02f59e17ec021c7a5869c81bc5daab1259298599c663",
                "username": "clusterUser_spoke1-rg_private-aks"
              }
            ],
            "kube_config_raw": "apiVersion: v1\nclusters:\n- cluster:\n    certificate-authority-data: LS0tLS1CRUdJTiBDRVJUSUZJQ0FURS0tLS0tCk1JSUU2VENDQXRHZ0F3SUJBZ0lSQU5YVUg4YVBNUG9ZSVhSelpKalhtNjB3RFFZSktvWklodmNOQVFFTEJRQXcKRFRFTE1Ba0dBMVVFQXhNQ1kyRXdJQmNOTWpFd016STVNVGN5TlRRMldoZ1BNakExTVRBek1qa3hOek0xTkRaYQpNQTB4Q3pBSkJnTlZCQU1UQW1OaE1JSUNJakFOQmdrcWhraUc5dzBCQVFFRkFBT0NBZzhBTUlJQ0NnS0NBZ0VBCnpMY0VUNG93OHR2NW40bEJ2KytONmNhUHdQUWFFZ25sVHpyWEJIMm9BL29ZeHBiTFAzNWRZVERiZWJpek01VnMKeU5EMWIzTnVIOXdXWEtBUjZ6U0wwZ242d2FTSlJraWpuK3lreG1qVG1JL0pUYUFzR3lIRDRrQ05nQnRxdjZIQQovUU16OG5iTTlrWVVBeHVDTHdBSi8rSEVVM2dscEdRS25hanZSM1VSa294NnYyaEV0TnYwRjdYT1hDaHVYTHljClR5ejExVjZDUUZ5Q3VGMW13RHJRY2xkQ1FKOFp5ZkVMUkRkNitkdEpjWkRRV0luSytUWWV3R2FkY1J5YTlHYk8KamdUcU8yWlh1NlRpMG1lc1pzSmFnQUlzOHdxMU5FU0VRWmROb2pWTVBURHhTU0RzRDZxbU9OZVZ2ZE1Vc1kzcwppczRYUk1rU281K0h0a0NLQXpHWFRwL0JCT0VsNVN4MHd6Um1MYU0wZ2lZQ1dvcTVLOUtXb2ZGNVZ0K3JxV1NwCjZhYnZ5VE9tY0hlT0xhUlhUSm0vYlI3NnpVVEJOckJUZ1ZBb0hnTk1ObFFPdHo5NVYrc2tVQTlVYjQ2eUpWdk4KYUYrT0xzMmQycExabk80SDQ3MWJHVUs0c0VjMkcvbXdBcUxCenhJcHlRN2l6aHhpNHMwSitTMzRvYXpZZXE3Vgp5SVU1RDF0TlFtV0lId1hwQU14YThJYnllSzFwNC8rWlhqeFJmMklyOVR1ek91Q2IxbnNUQlY0R2V1bEh3SVpmCklOVWYzbStmYlZQei9kbCs5Z0ZRVm05ajlIVExjU3E0TE5oZVIzdjBIdkxZWEJ0Wm94Z1RwU2pyUVZSQnJYdGIKRTJXRXZPSnEzcmNldDVMVk5IaHVSdXhRRytlbWh4eDRVWk43RTRNY2ZzTUNBd0VBQWFOQ01FQXdEZ1lEVlIwUApBUUgvQkFRREFnS2tNQThHQTFVZEV3RUIvd1FGTUFNQkFmOHdIUVlEVlIwT0JCWUVGTE5FcGdXNFJqVnFKaHBNCkxqSmd1K21NVWdJNU1BMEdDU3FHU0liM0RRRUJDd1VBQTRJQ0FRQ0o3ZWtQRm1QNVdYeHJ5ZExpUnBlaDk1QVkKbER3bklIRHQ1NEpOcWV6bG4ycmh4WXRkdWJ5OWo0SnFZSmxnMC9qeTN4N3BNTWd6dkhDN3dmOTlPN2xhSW9SeAo2UUNFQWhRN200bG4xZkpMWEJmb01XaEY4N0JlVkJTUjR4NzlVT2l5aHY4WVJ4dVNBKzFKcENpdDR2NFd0Q0RmCks3UG1Pa2dLT2FCa2Y2WXVSMG1DTTJ3bndvaEZSVjdEVHl1VGZBMUxzY2tiTFppenhRUHdZUVlWZE1COWNYRE8Kb2IzVmZtTkNXR0IwaFAwcUpsVE1CQXJNUjlEZGRxcHY4MG5FV21mUm9JSC82SVRLaFY2aTExL3Z3VHVGR2FFQQplbEtxUEpTcEFIZ1d2NXhtUElaUnMzVnhGSFNyaGJwbm1BRU95dFJCcjRjdnJGMCsrRXFteElENVh4KzgyYWRMCkt4TFp5WmQzdVF5Zm5TRWkyTU5kM2JiLzYyeWIvWG5DV0oyYmN1Wnd0NDZBbDRWS3E2SHBFcFFBbGw2bGxyanAKNnZMVzBkT1hreENUTVdYWHpGNkkyNnFLcVIrNEdyTmZqdzFVQ1ovVjlGR210cDJWUlZDMFF2bUpjelB6Z1V5OQpKOWJIMGlEQnFnNEQwZ0xtNnNnZGkxelhPbUR0WlBtSU5qNEhockQ2NE94dGJIRXByNzdBZFJsY0JISDhTSjJ0Cjh6Q2dQYXhmRUwwUVdqT3Jxa2xRdHprbkZiWEJ0d29KSVVjY1dNR0kvbGh3SGdWU0p4aHB5OUhsUE5GL3BmbFEKdDJwSklCcjBDdGpXeEhvQXFrSFNzNGd1YUtySVIzelhDVVY1YTVJUDc0QUJlakN1bUN6K2gzSFFqT1ljdUpTSApFM0ZHWXA3UTllY1dCT1pseXc9PQotLS0tLUVORCBDRVJUSUZJQ0FURS0tLS0tCg==\n    server: https://private-aks-e92ceeb2.24bc9a80-2b16-4d31-98f7-2ddd52d5480c.privatelink.eastus.azmk8s.io:443\n  name: private-aks\ncontexts:\n- context:\n    cluster: private-aks\n    user: clusterUser_spoke1-rg_private-aks\n  name: private-aks\ncurrent-context: private-aks\nkind: Config\npreferences: {}\nusers:\n- name: clusterUser_spoke1-rg_private-aks\n  user:\n    client-certificate-data: LS0tLS1CRUdJTiBDRVJUSUZJQ0FURS0tLS0tCk1JSUZIVENDQXdXZ0F3SUJBZ0lRRzJGK0pTWGw1WTJONHU5RmdMYlVsekFOQmdrcWhraUc5dzBCQVFzRkFEQU4KTVFzd0NRWURWUVFERXdKallUQWVGdzB5TVRBek1qa3hOekkxTkRaYUZ3MHlNekF6TWpreE56TTFORFphTURBeApGekFWQmdOVkJBb1REbk41YzNSbGJUcHRZWE4wWlhKek1SVXdFd1lEVlFRREV3eHRZWE4wWlhKamJHbGxiblF3CmdnSWlNQTBHQ1NxR1NJYjNEUUVCQVFVQUE0SUNEd0F3Z2dJS0FvSUNBUUNZK1JmZThPYjgwZGEwSUpxZlo5MG8KK3YxY0RlSU5zbVBjS0p0UlVVVDVRYkMxemExcUJXTkd1WGFPWU5vcmxVM3I2bmFNLzh2SkVGWStqT2czTjc4agpyazNVb1lhUmM5ODBydVJvbjVhVmJFUzliYnhpbkR3SHg1NGN3L3BZMGhkd1FEVTYzODVQbXB3bmhNcnFjL0ZDCjJqNllKVVM2VUNjaHpWZmx4bXByUVU0eGU5NXRPVWpEUWpVL2NuZDNGWG9vRHVCTUR3UmU4WDlESU14MlhJZ3MKNXdmUlBlSFpDOTZkRXByVklibWxLNnRZN1UrYUdNSVdsdXFVbk44UVlmVCtXTWtmWmFJaDBMbDBBMDNCRUZncwpNdnV5ZWtBamZkQTBQRkdRbE9IVXRNQlBQclgrYVZPWmRVb3Z1K2JjejU3Y1J5TjE4K2ozOWJDWFkrQ0NyRFROCnkxc1dGdHRzSkRNMGxibWZTbVZ6ZEJHTGN6TXRXeWlLYVVGK1UxUkNtWGdiQU9pbXFPTk1RZDFDNzRESjQ5UHEKQndhQ2pJeXZ1SE1oWG1VdlhnS2RhMWZSVmhGZENVbitxZTJGR1lPajY0N0dUeW5MK1lWR25PV0tvQVlnR3Rnbgp6aUNRZC95VWRLcnBRdkdUY0lTNVNFUkRuMlV0d1dPQkZZK3lXZEhldElldXFEdzlRbkhBTGFDRmFmRDZzOXIzCmdoR3RXUEVNS0t2RTN2Vk1VVFd2U2ZWdk5aT01WV1ZVb3dLV05jU0QvdzlVVUVzbmE0TC8rZVNHZEVBYkk5MEUKZXMwUDgrenhoZmdUY2hYL1cvcndRYjZvakR5MzJyMEl6RTg4dlBqR29PRVZFanFnMDdvbVZqd1pIL01vaVlTZwo0NWhheWk4QVd5WEpZOW5xMzNET29RSURBUUFCbzFZd1ZEQU9CZ05WSFE4QkFmOEVCQU1DQmFBd0V3WURWUjBsCkJBd3dDZ1lJS3dZQkJRVUhBd0l3REFZRFZSMFRBUUgvQkFJd0FEQWZCZ05WSFNNRUdEQVdnQlN6UktZRnVFWTEKYWlZYVRDNHlZTHZwakZJQ09UQU5CZ2txaGtpRzl3MEJBUXNGQUFPQ0FnRUFkKzhSeWIydTJ2QXRBMVYzeUg0eQpVc0pEZUFUTHJJUnZ4WnV4QkJUaEdrWG1jbEd5UHJGRWdqZFdPQzNEaUVVZGw5WW5vUzV0VGJ3QmYxVHBMSlptCjZSeEl5eGdQem5GQ0pydGoxck5Gb1RGcE9KcVZGa2FTeDRxMmlSMFdKQmdPUkhMQ2xyTXlQQXZCT2trclZHL1kKUHJzWkpSL2hzY0hOeDc4L0dnZlFTa0xLMHE1ZGN2OXFKTTVVcjZyVVYvckFLNnllZWhTcldHUVBIWThXeTF5Vgp3YkI1NG0rQUtDaVBTOTgyVFZpY3pJUGJQWUpCL1VzbFV5bzQ3ejFGamp3YjdHSFpUcHE4QTNJS1o3MU5VWkhBCjVEMnJ6eTBLTHo3UVFrc3hxYWR6UFJodlc5dC9WTWN4ZDBNRmxjS21HVURkNExyZWVFaGRrL21RdlJMWkczYysKenNOSHFCRld0c2hPTEYraEM0ZWFza2pXT0JzYzNVWStkUVV5SmljcUlvdEZSU3o3Ymc4ZGFrL3hJYnNPVjl1dApubFNPYnhzSEdGOG91aUZjSmNzL2tjZGxFc25XWjZJUXA0d0xtZHlyUi9hQkdZaklNU3JrOHRpb2ZaTDUyc3RPCkNsaUhPZVJMZzM4R0duM0c0MnlGS2FTUWJESzdvakxMYXJyUm41dE9nZUNGMG9GdlRkc2FQbHpFR1hsd21EdkQKWHo4Vy9VRStyVmMzbSt3UENJNzhwK2FLU0VQVEl1UlBlaDNWRzRiQ2NSUFBjSlgvWDU3VEpza044eG1LSU5UUApsaFI0Z1VXQlRLOVZWcE14VVNmRHFRR3RYNDc1Wlo3aWNZQzNBTHV5ck1EbUxPem9iZzB3Wjg5THNWRVoxV01vCjM5TjFZc2xDRFhIM2owM0p5QStEa2c4PQotLS0tLUVORCBDRVJUSUZJQ0FURS0tLS0tCg==\n    client-key-data: LS0tLS1CRUdJTiBSU0EgUFJJVkFURSBLRVktLS0tLQpNSUlKS1FJQkFBS0NBZ0VBbVBrWDN2RG0vTkhXdENDYW4yZmRLUHI5WEEzaURiSmozQ2liVVZGRStVR3d0YzJ0CmFnVmpScmwyam1EYUs1Vk42K3AyalAvTHlSQldQb3pvTnplL0k2NU4xS0dHa1hQZk5LN2thSitXbFd4RXZXMjgKWXB3OEI4ZWVITVA2V05JWGNFQTFPdC9PVDVxY0o0VEs2blB4UXRvK21DVkV1bEFuSWMxWDVjWnFhMEZPTVh2ZQpiVGxJdzBJMVAzSjNkeFY2S0E3Z1RBOEVYdkYvUXlETWRseUlMT2NIMFQzaDJRdmVuUkthMVNHNXBTdXJXTzFQCm1oakNGcGJxbEp6ZkVHSDAvbGpKSDJXaUlkQzVkQU5Od1JCWUxETDdzbnBBSTMzUU5EeFJrSlRoMUxUQVR6NjEKL21sVG1YVktMN3ZtM00rZTNFY2pkZlBvOS9Xd2wyUGdncXcwemN0YkZoYmJiQ1F6TkpXNW4wcGxjM1FSaTNNegpMVnNvaW1sQmZsTlVRcGw0R3dEb3BxampURUhkUXUrQXllUFQ2Z2NHZ295TXI3aHpJVjVsTDE0Q25XdFgwVllSClhRbEovcW50aFJtRG8rdU94azhweS9tRlJwemxpcUFHSUJyWUo4NGdrSGY4bEhTcTZVTHhrM0NFdVVoRVE1OWwKTGNGamdSV1BzbG5SM3JTSHJxZzhQVUp4d0MyZ2hXbncrclBhOTRJUnJWanhEQ2lyeE43MVRGRTFyMG4xYnpXVApqRlZsVktNQ2xqWEVnLzhQVkZCTEoydUMvL25raG5SQUd5UGRCSHJORC9QczhZWDRFM0lWLzF2NjhFRytxSXc4CnQ5cTlDTXhQUEx6NHhxRGhGUkk2b05PNkpsWThHUi96S0ltRW9PT1lXc292QUZzbHlXUFo2dDl3enFFQ0F3RUEKQVFLQ0FnQXZhdzkrT1JpeEIrN1ErVVpVNFdKSjRMdUd2SHIxR2ZZZ2VhbmpwQmlJVjFlS2s0NE16a3krMEtDeQpjODFOTTBQclBFdXhXMTExSHc1TTUycllLdnloOTljQ2NXdUFUUFhFbys0RGpHeW1OdUI4QTdjZ3JpTmhtZndtCkdJM1MySlVSWTZYY2NTSEh4VHBnZWFaWTFNWFZua2RHN0U2SW5tM3k2VzgwdDdPbk9hQWVjTEk3RTBXOTJSa2UKYU1JbGRNL2YrUFNJUHlOd3R0Vm5IcFNpbi81S1JQZEVZalZQRFlIZEdMWk1HTjh1RndKUFY0aVVVTlpoSURqcApCbE9UQlhwbkdXaUd4ZjlqRWd0YXJlZDlVQzYwekx6K3p5eHdsQUJsSU1sNzB0cktENW1KTnZ3OU43TUZYN2syCllMMm9kdWRjaXVTd0hJSjcwbm9DQTZERmdOSUEraTBuSGdvc281UnoxSzk1NnUveW1sZXM1Y3gvN2Ird0xZYXYKWWZiR2pPUWVpa1Z2M2FqdkZuUENHYVFSSXBvanFjd3cydlBudTdoaXRaUUxxbS9kODdhdFJVdnVTOFhXek1COQpqVXVyZnQ2QUpNT0gyVUt2WDlNeDV6eXBVaHBoRGlwV256WThpTUZzT3BScEY0UFBJRDkwZFJDQmhlZzVwZGIzCkJCUUlmSk95UVZFSk1XekdoS2dqYi9BRGtyeENWZEgvU3J5NDVMaFZLN3dVVmNVR1RDOTBOVEpoL2ZXdEhtQWkKbUxTVHBBWkUxSkZidjZoK0tydEYzQzJ1a1MxaW1kTnBkV0RnZ0w4Qlp4UkZ4YWJQQ2p3TTNEajBiMkI4QWd3cgpBUTdOcldvY2p3WGd2a3ZXYno4SmR5enpUeVljMVZaRlZ3TEZML09SR2RCT256czdMUUtDQVFFQXl5QU40MXFHCmVoQTFGd3J1WklOTVRTMDlsOGNWdHhWbDVQQ0NzNEJ6RHlraDhjYmp4QzN5SHFacFc3azlnQlZnNVpBelZRV28KZmt3YytSNFhRWlR5UXBSdEtmeEQ1NGVsR1V0Y1lINXNFYUx3M1VnNnE3U1owcVdpZUdROTB4NWJ0dlBreVZ6Twp4RWtOeXRmTmpWTzlwZkkzZGplbW1Vd2hUWHRnNWNMa29BV01nSXlXL25LTUZNOFNtNXFIbkNqNUlWRWFVZEs1Ckl3YytIL2dtdzVNei8rVkU3ZzlNbERTTTZJNEEyOTAyZGJjVGZpNm0wTnMwUjVOZHdzMU56QWZOYnVjSVVCUnAKYVc0Q2ZiWHBNY2I3YSs1aWZXZHZxSkwzc2R2eWxSYlZFMTh0Mit1YlRHZTU4K2o3VVVIcVNQVEV4R0VZa3BxaAoxNnNGYWxyQm1qN3d2d0tDQVFFQXdNcjV2cXZMK1NKd09mTWx3bUw0dGk0bFl6eUpvWldoNHdHRTBsSFlQVkU4CldLbDltS3hlMGdtRDZEVWxqWUNWVGZqNm9qY0pwc0E0bXF4b1NkbWxheENHZ3Y0YkEyTkcyQ0YrWU1UajE3cUcKR2pEekVibHVBL0hoc29nb08vV3d0cEQwelVYV25PblhMMEY4Q3lCM2hObk90WkpvaXRQU3JuUG5EdUZXOGhkYwo0TUxWeml4SzRBUEtWZExZYkxIWGNDOVhINTJhdUJwR3dURGpQdlYyT0ltZEc5NjgrL3NZd1dpQzhUN2tSKzV0CmEydExzK1N0QllndXI1QmhrR09kZE5nSjM0Vzl2Rmh3aGdQb2hlalhzeTcxMklYYjRiUmdWY04xdmRzVVBmVG4Kc0haZDAwYlNIWG9DSlBVSWhKNFRHTU0zSEpLM1JRZU1rdEI1THJDNG53S0NBUUVBajB0Z29NZm00RXQ0dUhXOApzV215dFNzNkxVMkQ4ekdFUFZxeVNhRlBDaDN4VlZnQ3JBM2hwVit1S2NmbksrbG8vdW1ZWE4xdC9STUN5WGRCCjNzRU5tb3lNNmphTlROTnpWQUhHL0VlVFEybllVN0sxdVJYaUFpbFpFV2RkK2dhTG11ZzV1UmZnd2JYcnBmSlIKanViSmZqeitoVVpESUJnRjBsdzhnam5ZQVUrSXk5TGlYa1Erc0J0WXZDN3FoZTZkdWJRMlJnekxFSHYyaHFVUAo2NTUzNjRrNDlGd1VvT1RsbHRVK285eE5wQU53Rys4YlBYRzJVdHdTSSsramQxRDF5c3Z2SUZjVitndGlkSDZWCk1NbDM2cTgwQ2RXamZwK1hYNENUaER1a08xTkV6Y1ZMUEQ1Y2YwWVhyVDQ3NGhYU2pkc1ZjNjdraDNtZGkyYlUKOTFSNWp3S0NBUUJCOS9JM0hSL2hjcmhHQy80YW9yVUoyWVp2aTNKb3VRTzQ0bmNwWkZvQ3VUNVY5RUVHc2N5TQpRRGREaUpQOTlFYWlkSlNHVnlEVlR5YlBQams5TTkwWFlvTTBaWENtMnh5TnJnQkphbld3QnFJR2FrTnlDQ290CjdXRldMcUxkeVhjYk1VU2l6TWZmejJBVFNtd0FmcTZHNWVTR1dyK3M2VWhJNjEzZnlKbHdveS9qdEtkbU1kKzUKQVhNRnBPenJYSHNrWnY1LzBmVDBGQUdyNzJlQ3pva1NWWHhONGd4MmlIZnpEaWpvRmFZVk91OXo5elhqSzFkTQo4a2xQUjY4cXNmdFoxT2FqOW1aekFTd1huMVM4SlcxUlliczd5S254ZEVBV2VKaGNTNCtFbDcyRHN5enRzMmtJCkx3eDJ5dVdNUTI2elpYRUJOTzdERHc4NTJWM3Q3UWh2QW9JQkFRQ21tQ3Q3djViY2kzdUMyZDNQWmE1WEJFM1kKMC85Q0V0UkxLVHZjWmJBd01uVHNmeHlrUmZaMEZObnZTakNsQWV5bnEzZFRwZlVTVjZsMGNCbzVUeXZBbjN1Two4aWwwMVFKSHFhQ3gwTCt1K0Z1R2JqdjBKY0c0QkNxZ013WnRZNXI5bGJJVHR2aU5TdUQ1Mk5PMk9UemZHL3g4CklPejY0VVJuUFN3VU5lM3Z2bWhkcHA5VzQvVG0xVXlhelBaWXdiODRwVnh1dkk5MjMvUXZNQVJNa0FadjBycWEKNUxIUWdzTStnNDU0UklsS2N1RDN0eE8xeURuZWhVSTV2V0Rzb090c21WQkhVaFlaMC9nOXlONHJBWWc5dFk5VApRZTdHZ0xLTStFWEdxRGp2QktzUlBNNC9xN2hkYlJ5ano3WUw4U2NqN3J1a3VkblZaZ2h0L0ZPTk0rZ2gKLS0tLS1FTkQgUlNBIFBSSVZBVEUgS0VZLS0tLS0K\n    token: d6bfa8cb502bcbc9691b3e3801477e69344816f52abda0374c809dba67c902a30abb2f2d36aa7900938b02f59e17ec021c7a5869c81bc5daab1259298599c663\n",
            "kubelet_identity": [
              {
                "client_id": "a44ec68a-8d7a-4e40-adc7-e22de796acd4",
                "object_id": "80c78bd6-30bd-40ee-962f-e513557d4642",
                "user_assigned_identity_id": "/subscriptions/875759d2-f6a7-4864-a5f3-e230d6c6779c/resourceGroups/MC_spoke1-rg_private-aks_eastus/providers/Microsoft.ManagedIdentity/userAssignedIdentities/private-aks-agentpool"
              }
            ],
            "kubernetes_version": "1.18.14",
            "linux_profile": [],
            "location": "eastus",
            "name": "private-aks",
            "network_profile": [
              {
                "dns_service_ip": "10.2.0.10",
                "docker_bridge_cidr": "172.17.0.1/16",
                "load_balancer_profile": [],
                "load_balancer_sku": "Standard",
                "network_mode": "",
                "network_plugin": "azure",
                "network_policy": "",
                "outbound_type": "userDefinedRouting",
                "pod_cidr": "",
                "service_cidr": "10.2.0.0/24"
              }
            ],
            "node_resource_group": "MC_spoke1-rg_private-aks_eastus",
            "private_cluster_enabled": true,
            "private_dns_zone_id": "system",
            "private_fqdn": "private-aks-e92ceeb2.24bc9a80-2b16-4d31-98f7-2ddd52d5480c.privatelink.eastus.azmk8s.io",
            "private_link_enabled": true,
            "resource_group_name": "spoke1-rg",
            "role_based_access_control": [
              {
                "azure_active_directory": [],
                "enabled": false
              }
            ],
            "service_principal": [],
            "sku_tier": "Free",
            "tags": null,
            "timeouts": null,
            "windows_profile": [
              {
                "admin_password": "",
                "admin_username": "azureuser"
              }
            ]
          },
          "sensitive_attributes": [],
          "private": "eyJlMmJmYjczMC1lY2FhLTExZTYtOGY4OC0zNDM2M2JjN2M0YzAiOnsiY3JlYXRlIjo1NDAwMDAwMDAwMDAwLCJkZWxldGUiOjU0MDAwMDAwMDAwMDAsInJlYWQiOjMwMDAwMDAwMDAwMCwidXBkYXRlIjo1NDAwMDAwMDAwMDAwfX0=",
          "dependencies": [
            "azurerm_resource_group.kube",
            "azurerm_resource_group.vnet",
            "data.azurerm_kubernetes_service_versions.current",
            "module.firewall.azurerm_firewall.fw",
            "module.firewall.azurerm_public_ip.pip",
            "module.hub_network.azurerm_subnet.subnet",
            "module.hub_network.azurerm_virtual_network.vnet",
            "module.kube_network.azurerm_subnet.subnet",
            "module.kube_network.azurerm_virtual_network.vnet",
            "module.routetable.azurerm_route_table.rt",
            "module.routetable.azurerm_subnet_route_table_association.aks_subnet_association"
          ]
        }
      ]
    },
    {
      "mode": "managed",
      "type": "azurerm_resource_group",
      "name": "kube",
      "provider": "provider[\"registry.terraform.io/hashicorp/azurerm\"]",
      "instances": [
        {
          "schema_version": 0,
          "attributes": {
            "id": "/subscriptions/875759d2-f6a7-4864-a5f3-e230d6c6779c/resourceGroups/spoke1-rg",
            "location": "eastus",
            "name": "spoke1-rg",
            "tags": null,
            "timeouts": null
          },
          "sensitive_attributes": [],
          "private": "eyJlMmJmYjczMC1lY2FhLTExZTYtOGY4OC0zNDM2M2JjN2M0YzAiOnsiY3JlYXRlIjo1NDAwMDAwMDAwMDAwLCJkZWxldGUiOjU0MDAwMDAwMDAwMDAsInJlYWQiOjMwMDAwMDAwMDAwMCwidXBkYXRlIjo1NDAwMDAwMDAwMDAwfX0="
        }
      ]
    },
    {
      "mode": "managed",
      "type": "azurerm_resource_group",
      "name": "vnet",
      "provider": "provider[\"registry.terraform.io/hashicorp/azurerm\"]",
      "instances": [
        {
          "schema_version": 0,
          "attributes": {
            "id": "/subscriptions/875759d2-f6a7-4864-a5f3-e230d6c6779c/resourceGroups/hub-rg",
            "location": "eastus",
            "name": "hub-rg",
            "tags": null,
            "timeouts": null
          },
          "sensitive_attributes": [],
          "private": "eyJlMmJmYjczMC1lY2FhLTExZTYtOGY4OC0zNDM2M2JjN2M0YzAiOnsiY3JlYXRlIjo1NDAwMDAwMDAwMDAwLCJkZWxldGUiOjU0MDAwMDAwMDAwMDAsInJlYWQiOjMwMDAwMDAwMDAwMCwidXBkYXRlIjo1NDAwMDAwMDAwMDAwfX0="
        }
      ]
    },
    {
      "mode": "managed",
      "type": "azurerm_role_assignment",
      "name": "netcontributor",
      "provider": "provider[\"registry.terraform.io/hashicorp/azurerm\"]",
      "instances": [
        {
          "schema_version": 0,
          "attributes": {
            "condition": "",
            "condition_version": "",
            "description": "",
            "id": "/subscriptions/875759d2-f6a7-4864-a5f3-e230d6c6779c/resourceGroups/spoke1-rg/providers/Microsoft.Network/virtualNetworks/spoke1-vnet/subnets/aks-subnet/providers/Microsoft.Authorization/roleAssignments/4df25eef-c36b-748d-f995-9356598a6db5",
            "name": "4df25eef-c36b-748d-f995-9356598a6db5",
            "principal_id": "7401a03b-1ec0-48a9-80ec-40e6ca63e429",
            "principal_type": "ServicePrincipal",
            "role_definition_id": "/subscriptions/875759d2-f6a7-4864-a5f3-e230d6c6779c/providers/Microsoft.Authorization/roleDefinitions/4d97b98b-1d4f-4787-a291-c67834d212e7",
            "role_definition_name": "Network Contributor",
            "scope": "/subscriptions/875759d2-f6a7-4864-a5f3-e230d6c6779c/resourceGroups/spoke1-rg/providers/Microsoft.Network/virtualNetworks/spoke1-vnet/subnets/aks-subnet",
            "skip_service_principal_aad_check": null,
            "timeouts": null
          },
          "sensitive_attributes": [],
          "private": "eyJlMmJmYjczMC1lY2FhLTExZTYtOGY4OC0zNDM2M2JjN2M0YzAiOnsiY3JlYXRlIjoxODAwMDAwMDAwMDAwLCJkZWxldGUiOjE4MDAwMDAwMDAwMDAsInJlYWQiOjMwMDAwMDAwMDAwMCwidXBkYXRlIjoxODAwMDAwMDAwMDAwfX0=",
          "dependencies": [
            "azurerm_kubernetes_cluster.privateaks",
            "azurerm_resource_group.kube",
            "azurerm_resource_group.vnet",
            "data.azurerm_kubernetes_service_versions.current",
            "module.firewall.azurerm_firewall.fw",
            "module.firewall.azurerm_public_ip.pip",
            "module.hub_network.azurerm_subnet.subnet",
            "module.hub_network.azurerm_virtual_network.vnet",
            "module.kube_network.azurerm_subnet.subnet",
            "module.kube_network.azurerm_virtual_network.vnet",
            "module.routetable.azurerm_route_table.rt",
            "module.routetable.azurerm_subnet_route_table_association.aks_subnet_association"
          ]
        }
      ]
    },
    {
      "module": "module.containergroup",
      "mode": "managed",
      "type": "azurerm_container_group",
      "name": "mgmt",
      "provider": "provider[\"registry.terraform.io/hashicorp/azurerm\"]",
      "instances": [
        {
          "schema_version": 0,
          "attributes": {
            "container": [
              {
                "commands": [
                  "tail",
                  "-f",
                  "/dev/null"
                ],
                "cpu": 1,
                "environment_variables": null,
                "gpu": [],
                "image": "mcr.microsoft.com/azure-cloudshell",
                "liveness_probe": [],
                "memory": 1.5,
                "name": "azure-cloud-shell",
                "ports": [
                  {
                    "port": 80,
                    "protocol": "TCP"
                  }
                ],
                "readiness_probe": [],
                "secure_environment_variables": null,
                "volume": [
                  {
                    "empty_dir": false,
                    "git_repo": [],
                    "mount_path": "/data",
                    "name": "mgmt",
                    "read_only": false,
                    "secret": null,
                    "share_name": "mgmt-data",
                    "storage_account_key": "JB7zbdRz7KVuTv/a7kBpwW9qPH1MR91y/Rua3sdiQVovapR+FkHkjK5N6M3Nz5RzFqmeP/LuZXHIBpJrnc7oRw==",
                    "storage_account_name": "39b7dd48shellstg"
                  }
                ]
              }
            ],
            "diagnostics": [],
            "dns_config": [],
            "dns_name_label": "",
            "fqdn": "",
            "id": "/subscriptions/875759d2-f6a7-4864-a5f3-e230d6c6779c/resourceGroups/hub-rg/providers/Microsoft.ContainerInstance/containerGroups/mgmt-acg",
            "identity": [],
            "image_registry_credential": [],
            "ip_address": "10.0.1.4",
            "ip_address_type": "Private",
            "location": "eastus",
            "name": "mgmt-acg",
            "network_profile_id": "/subscriptions/875759d2-f6a7-4864-a5f3-e230d6c6779c/resourceGroups/hub-rg/providers/Microsoft.Network/networkProfiles/network-profile",
            "os_type": "Linux",
            "resource_group_name": "hub-rg",
            "restart_policy": "Never",
            "tags": null,
            "timeouts": null
          },
          "sensitive_attributes": [],
          "private": "eyJlMmJmYjczMC1lY2FhLTExZTYtOGY4OC0zNDM2M2JjN2M0YzAiOnsiY3JlYXRlIjoxODAwMDAwMDAwMDAwLCJkZWxldGUiOjE4MDAwMDAwMDAwMDAsInJlYWQiOjMwMDAwMDAwMDAwMCwidXBkYXRlIjoxODAwMDAwMDAwMDAwfX0=",
          "dependencies": [
            "azurerm_resource_group.vnet",
            "module.containergroup.azurerm_network_profile.network_profile",
            "module.containergroup.azurerm_storage_account.cloud_shell_stg",
            "module.containergroup.azurerm_storage_share.cloud_shell_share",
            "module.containergroup.random_id.id",
            "module.hub_network.azurerm_subnet.subnet",
            "module.hub_network.azurerm_virtual_network.vnet"
          ]
        }
      ]
    },
    {
      "module": "module.containergroup",
      "mode": "managed",
      "type": "azurerm_network_profile",
      "name": "network_profile",
      "provider": "provider[\"registry.terraform.io/hashicorp/azurerm\"]",
      "instances": [
        {
          "schema_version": 0,
          "attributes": {
            "container_network_interface": [
              {
                "ip_configuration": [
                  {
                    "name": "bastion-ip-config",
                    "subnet_id": "/subscriptions/875759d2-f6a7-4864-a5f3-e230d6c6779c/resourceGroups/hub-rg/providers/Microsoft.Network/virtualNetworks/hub-vnet/subnets/jumpbox-subnet"
                  }
                ],
                "name": "bastion-aci-nic"
              }
            ],
            "container_network_interface_ids": [],
            "id": "/subscriptions/875759d2-f6a7-4864-a5f3-e230d6c6779c/resourceGroups/hub-rg/providers/Microsoft.Network/networkProfiles/network-profile",
            "location": "eastus",
            "name": "network-profile",
            "resource_group_name": "hub-rg",
            "tags": null,
            "timeouts": null
          },
          "sensitive_attributes": [],
          "private": "eyJlMmJmYjczMC1lY2FhLTExZTYtOGY4OC0zNDM2M2JjN2M0YzAiOnsiY3JlYXRlIjoxODAwMDAwMDAwMDAwLCJkZWxldGUiOjE4MDAwMDAwMDAwMDAsInJlYWQiOjMwMDAwMDAwMDAwMCwidXBkYXRlIjoxODAwMDAwMDAwMDAwfX0=",
          "dependencies": [
            "azurerm_resource_group.vnet",
            "module.hub_network.azurerm_subnet.subnet",
            "module.hub_network.azurerm_virtual_network.vnet"
          ]
        }
      ]
    },
    {
      "module": "module.containergroup",
      "mode": "managed",
      "type": "azurerm_private_dns_zone_virtual_network_link",
      "name": "dns_vnet_link",
      "provider": "provider[\"registry.terraform.io/hashicorp/azurerm\"]",
      "instances": [
        {
          "schema_version": 0,
          "attributes": {
            "id": "/subscriptions/875759d2-f6a7-4864-a5f3-e230d6c6779c/resourceGroups/MC_spoke1-rg_private-aks_eastus/providers/Microsoft.Network/privateDnsZones/24bc9a80-2b16-4d31-98f7-2ddd52d5480c.privatelink.eastus.azmk8s.io/virtualNetworkLinks/hub-dnsvnetlink",
            "name": "hub-dnsvnetlink",
            "private_dns_zone_name": "24bc9a80-2b16-4d31-98f7-2ddd52d5480c.privatelink.eastus.azmk8s.io",
            "registration_enabled": false,
            "resource_group_name": "MC_spoke1-rg_private-aks_eastus",
            "tags": null,
            "timeouts": null,
            "virtual_network_id": "/subscriptions/875759d2-f6a7-4864-a5f3-e230d6c6779c/resourceGroups/hub-rg/providers/Microsoft.Network/virtualNetworks/hub-vnet"
          },
          "sensitive_attributes": [],
          "private": "eyJlMmJmYjczMC1lY2FhLTExZTYtOGY4OC0zNDM2M2JjN2M0YzAiOnsiY3JlYXRlIjoxODAwMDAwMDAwMDAwLCJkZWxldGUiOjE4MDAwMDAwMDAwMDAsInJlYWQiOjMwMDAwMDAwMDAwMCwidXBkYXRlIjoxODAwMDAwMDAwMDAwfX0=",
          "dependencies": [
            "azurerm_kubernetes_cluster.privateaks",
            "azurerm_resource_group.kube",
            "azurerm_resource_group.vnet",
            "data.azurerm_kubernetes_service_versions.current",
            "module.firewall.azurerm_firewall.fw",
            "module.firewall.azurerm_public_ip.pip",
            "module.hub_network.azurerm_subnet.subnet",
            "module.hub_network.azurerm_virtual_network.vnet",
            "module.kube_network.azurerm_subnet.subnet",
            "module.kube_network.azurerm_virtual_network.vnet",
            "module.routetable.azurerm_route_table.rt",
            "module.routetable.azurerm_subnet_route_table_association.aks_subnet_association"
          ]
        }
      ]
    },
    {
      "module": "module.containergroup",
      "mode": "managed",
      "type": "azurerm_storage_account",
      "name": "cloud_shell_stg",
      "provider": "provider[\"registry.terraform.io/hashicorp/azurerm\"]",
      "instances": [
        {
          "schema_version": 2,
          "attributes": {
            "access_tier": "Hot",
            "account_kind": "FileStorage",
            "account_replication_type": "LRS",
            "account_tier": "Premium",
            "allow_blob_public_access": false,
            "blob_properties": null,
            "custom_domain": [],
            "enable_https_traffic_only": true,
            "id": "/subscriptions/875759d2-f6a7-4864-a5f3-e230d6c6779c/resourceGroups/hub-rg/providers/Microsoft.Storage/storageAccounts/39b7dd48shellstg",
            "identity": [],
            "is_hns_enabled": false,
            "large_file_share_enabled": true,
            "location": "eastus",
            "min_tls_version": "TLS1_0",
            "name": "39b7dd48shellstg",
            "network_rules": [
              {
                "bypass": [
                  "AzureServices"
                ],
                "default_action": "Allow",
                "ip_rules": [],
                "virtual_network_subnet_ids": []
              }
            ],
            "primary_access_key": "JB7zbdRz7KVuTv/a7kBpwW9qPH1MR91y/Rua3sdiQVovapR+FkHkjK5N6M3Nz5RzFqmeP/LuZXHIBpJrnc7oRw==",
            "primary_blob_connection_string": "DefaultEndpointsProtocol=https;BlobEndpoint=;AccountName=39b7dd48shellstg;AccountKey=JB7zbdRz7KVuTv/a7kBpwW9qPH1MR91y/Rua3sdiQVovapR+FkHkjK5N6M3Nz5RzFqmeP/LuZXHIBpJrnc7oRw==",
            "primary_blob_endpoint": "",
            "primary_blob_host": "",
            "primary_connection_string": "DefaultEndpointsProtocol=https;AccountName=39b7dd48shellstg;AccountKey=JB7zbdRz7KVuTv/a7kBpwW9qPH1MR91y/Rua3sdiQVovapR+FkHkjK5N6M3Nz5RzFqmeP/LuZXHIBpJrnc7oRw==;EndpointSuffix=core.windows.net",
            "primary_dfs_endpoint": "",
            "primary_dfs_host": "",
            "primary_file_endpoint": "https://39b7dd48shellstg.file.core.windows.net/",
            "primary_file_host": "39b7dd48shellstg.file.core.windows.net",
            "primary_location": "eastus",
            "primary_queue_endpoint": "",
            "primary_queue_host": "",
            "primary_table_endpoint": "",
            "primary_table_host": "",
            "primary_web_endpoint": "",
            "primary_web_host": "",
            "queue_properties": null,
            "resource_group_name": "hub-rg",
            "secondary_access_key": "7yxlcn0NCghMUZfQD6yFzfuk8UhikbcPRIF7K+C5LBWbU/5ZOYNJ1O4E3uGYJckKh57Tokz2BbX28ECh5E687A==",
            "secondary_blob_connection_string": "",
            "secondary_blob_endpoint": null,
            "secondary_blob_host": null,
            "secondary_connection_string": "DefaultEndpointsProtocol=https;AccountName=39b7dd48shellstg;AccountKey=7yxlcn0NCghMUZfQD6yFzfuk8UhikbcPRIF7K+C5LBWbU/5ZOYNJ1O4E3uGYJckKh57Tokz2BbX28ECh5E687A==;EndpointSuffix=core.windows.net",
            "secondary_dfs_endpoint": null,
            "secondary_dfs_host": null,
            "secondary_file_endpoint": null,
            "secondary_file_host": null,
            "secondary_location": "",
            "secondary_queue_endpoint": null,
            "secondary_queue_host": null,
            "secondary_table_endpoint": null,
            "secondary_table_host": null,
            "secondary_web_endpoint": null,
            "secondary_web_host": null,
            "static_website": [],
            "tags": null,
            "timeouts": null
          },
          "sensitive_attributes": [],
          "private": "eyJlMmJmYjczMC1lY2FhLTExZTYtOGY4OC0zNDM2M2JjN2M0YzAiOnsiY3JlYXRlIjozNjAwMDAwMDAwMDAwLCJkZWxldGUiOjM2MDAwMDAwMDAwMDAsInJlYWQiOjMwMDAwMDAwMDAwMCwidXBkYXRlIjozNjAwMDAwMDAwMDAwfSwic2NoZW1hX3ZlcnNpb24iOiIyIn0=",
          "dependencies": [
            "azurerm_resource_group.vnet",
            "module.containergroup.random_id.id"
          ]
        }
      ]
    },
    {
      "module": "module.containergroup",
      "mode": "managed",
      "type": "azurerm_storage_account_network_rules",
      "name": "cloud_shell_stg_nr",
      "provider": "provider[\"registry.terraform.io/hashicorp/azurerm\"]",
      "instances": [
        {
          "schema_version": 0,
          "attributes": {
            "bypass": [
              "AzureServices"
            ],
            "default_action": "Deny",
            "id": "/subscriptions/875759d2-f6a7-4864-a5f3-e230d6c6779c/resourceGroups/hub-rg/providers/Microsoft.Storage/storageAccounts/39b7dd48shellstg",
            "ip_rules": [],
            "resource_group_name": "hub-rg",
            "storage_account_name": "39b7dd48shellstg",
            "timeouts": null,
            "virtual_network_subnet_ids": [
              "/subscriptions/875759d2-f6a7-4864-a5f3-e230d6c6779c/resourceGroups/hub-rg/providers/Microsoft.Network/virtualNetworks/hub-vnet/subnets/jumpbox-subnet"
            ]
          },
          "sensitive_attributes": [],
          "private": "eyJlMmJmYjczMC1lY2FhLTExZTYtOGY4OC0zNDM2M2JjN2M0YzAiOnsiY3JlYXRlIjozNjAwMDAwMDAwMDAwLCJkZWxldGUiOjM2MDAwMDAwMDAwMDAsInJlYWQiOjMwMDAwMDAwMDAwMCwidXBkYXRlIjozNjAwMDAwMDAwMDAwfX0=",
          "dependencies": [
            "azurerm_resource_group.vnet",
            "module.containergroup.azurerm_container_group.mgmt",
            "module.containergroup.azurerm_network_profile.network_profile",
            "module.containergroup.azurerm_storage_account.cloud_shell_stg",
            "module.containergroup.azurerm_storage_share.cloud_shell_share",
            "module.containergroup.random_id.id",
            "module.hub_network.azurerm_subnet.subnet",
            "module.hub_network.azurerm_virtual_network.vnet"
          ]
        }
      ]
    },
    {
      "module": "module.containergroup",
      "mode": "managed",
      "type": "azurerm_storage_share",
      "name": "cloud_shell_share",
      "provider": "provider[\"registry.terraform.io/hashicorp/azurerm\"]",
      "instances": [
        {
          "schema_version": 2,
          "attributes": {
            "acl": [],
            "id": "https://39b7dd48shellstg.file.core.windows.net/mgmt-data",
            "metadata": {},
            "name": "mgmt-data",
            "quota": 100,
            "resource_manager_id": "/subscriptions/875759d2-f6a7-4864-a5f3-e230d6c6779c/resourceGroups/hub-rg/providers/Microsoft.Storage/storageAccounts/39b7dd48shellstg/fileServices/default/shares/mgmt-data",
            "storage_account_name": "39b7dd48shellstg",
            "timeouts": null,
            "url": "https://39b7dd48shellstg.file.core.windows.net/mgmt-data"
          },
          "sensitive_attributes": [],
          "private": "eyJlMmJmYjczMC1lY2FhLTExZTYtOGY4OC0zNDM2M2JjN2M0YzAiOnsiY3JlYXRlIjoxODAwMDAwMDAwMDAwLCJkZWxldGUiOjE4MDAwMDAwMDAwMDAsInJlYWQiOjMwMDAwMDAwMDAwMCwidXBkYXRlIjoxODAwMDAwMDAwMDAwfSwic2NoZW1hX3ZlcnNpb24iOiIyIn0=",
          "dependencies": [
            "azurerm_resource_group.vnet",
            "module.containergroup.azurerm_storage_account.cloud_shell_stg",
            "module.containergroup.random_id.id"
          ]
        }
      ]
    },
    {
      "module": "module.containergroup",
      "mode": "managed",
      "type": "random_id",
      "name": "id",
      "provider": "provider[\"registry.terraform.io/hashicorp/random\"]",
      "instances": [
        {
          "schema_version": 0,
          "attributes": {
            "b64_std": "ObfdSA==",
            "b64_url": "ObfdSA",
            "byte_length": 4,
            "dec": "968351048",
            "hex": "39b7dd48",
            "id": "ObfdSA",
            "keepers": null,
            "prefix": null
          },
          "sensitive_attributes": [],
          "private": "bnVsbA=="
        }
      ]
    },
    {
      "module": "module.firewall",
      "mode": "managed",
      "type": "azurerm_firewall",
      "name": "fw",
      "provider": "provider[\"registry.terraform.io/hashicorp/azurerm\"]",
      "instances": [
        {
          "schema_version": 0,
          "attributes": {
            "dns_servers": null,
            "firewall_policy_id": null,
            "id": "/subscriptions/875759d2-f6a7-4864-a5f3-e230d6c6779c/resourceGroups/hub-rg/providers/Microsoft.Network/azureFirewalls/kubenetfw",
            "ip_configuration": [
              {
                "name": "fw_ip_config",
                "private_ip_address": "10.0.0.4",
                "public_ip_address_id": "/subscriptions/875759d2-f6a7-4864-a5f3-e230d6c6779c/resourceGroups/hub-rg/providers/Microsoft.Network/publicIPAddresses/azureFirewalls-ip",
                "subnet_id": "/subscriptions/875759d2-f6a7-4864-a5f3-e230d6c6779c/resourceGroups/hub-rg/providers/Microsoft.Network/virtualNetworks/hub-vnet/subnets/AzureFirewallSubnet"
              }
            ],
            "location": "eastus",
            "management_ip_configuration": [],
            "name": "kubenetfw",
            "resource_group_name": "hub-rg",
            "sku_name": "AZFW_VNet",
            "sku_tier": "Standard",
            "tags": null,
            "threat_intel_mode": "Alert",
            "timeouts": null,
            "virtual_hub": [],
            "zones": null
          },
          "sensitive_attributes": [],
          "private": "eyJlMmJmYjczMC1lY2FhLTExZTYtOGY4OC0zNDM2M2JjN2M0YzAiOnsiY3JlYXRlIjo1NDAwMDAwMDAwMDAwLCJkZWxldGUiOjU0MDAwMDAwMDAwMDAsInJlYWQiOjMwMDAwMDAwMDAwMCwidXBkYXRlIjo1NDAwMDAwMDAwMDAwfX0=",
          "dependencies": [
            "azurerm_resource_group.vnet",
            "module.firewall.azurerm_public_ip.pip",
            "module.hub_network.azurerm_subnet.subnet",
            "module.hub_network.azurerm_virtual_network.vnet"
          ]
        }
      ]
    },
    {
      "module": "module.firewall",
      "mode": "managed",
      "type": "azurerm_firewall_application_rule_collection",
      "name": "aksbasics",
      "provider": "provider[\"registry.terraform.io/hashicorp/azurerm\"]",
      "instances": [
        {
          "schema_version": 0,
          "attributes": {
            "action": "Allow",
            "azure_firewall_name": "kubenetfw",
            "id": "/subscriptions/875759d2-f6a7-4864-a5f3-e230d6c6779c/resourceGroups/hub-rg/providers/Microsoft.Network/azureFirewalls/kubenetfw/applicationRuleCollections/aksbasics",
            "name": "aksbasics",
            "priority": 101,
            "resource_group_name": "hub-rg",
            "rule": [
              {
                "description": "",
                "fqdn_tags": null,
                "name": "allow network",
                "protocol": [
                  {
                    "port": 80,
                    "type": "Http"
                  },
                  {
                    "port": 443,
                    "type": "Https"
                  }
                ],
                "source_addresses": [
                  "*"
                ],
                "source_ip_groups": null,
                "target_fqdns": [
                  "*.cdn.mscr.io",
                  "*.data.mcr.microsoft.com",
                  "*.microsoftonline.com",
                  "*.monitoring.azure.com",
                  "*.oms.opinsights.azure.com",
                  "*.opinsights.azure.com",
                  "acs-mirror.azureedge.net",
                  "dc.services.visualstudio.com",
                  "login.microsoftonline.com",
                  "management.azure.com",
                  "mcr.microsoft.com"
                ]
              }
            ],
            "timeouts": null
          },
          "sensitive_attributes": [],
          "private": "eyJlMmJmYjczMC1lY2FhLTExZTYtOGY4OC0zNDM2M2JjN2M0YzAiOnsiY3JlYXRlIjoxODAwMDAwMDAwMDAwLCJkZWxldGUiOjE4MDAwMDAwMDAwMDAsInJlYWQiOjMwMDAwMDAwMDAwMCwidXBkYXRlIjoxODAwMDAwMDAwMDAwfX0=",
          "dependencies": [
            "azurerm_resource_group.vnet",
            "module.firewall.azurerm_firewall.fw",
            "module.firewall.azurerm_public_ip.pip",
            "module.hub_network.azurerm_subnet.subnet",
            "module.hub_network.azurerm_virtual_network.vnet"
          ]
        }
      ]
    },
    {
      "module": "module.firewall",
      "mode": "managed",
      "type": "azurerm_firewall_application_rule_collection",
      "name": "osupdates",
      "provider": "provider[\"registry.terraform.io/hashicorp/azurerm\"]",
      "instances": [
        {
          "schema_version": 0,
          "attributes": {
            "action": "Allow",
            "azure_firewall_name": "kubenetfw",
            "id": "/subscriptions/875759d2-f6a7-4864-a5f3-e230d6c6779c/resourceGroups/hub-rg/providers/Microsoft.Network/azureFirewalls/kubenetfw/applicationRuleCollections/osupdates",
            "name": "osupdates",
            "priority": 102,
            "resource_group_name": "hub-rg",
            "rule": [
              {
                "description": "",
                "fqdn_tags": null,
                "name": "allow network",
                "protocol": [
                  {
                    "port": 80,
                    "type": "Http"
                  },
                  {
                    "port": 443,
                    "type": "Https"
                  }
                ],
                "source_addresses": [
                  "*"
                ],
                "source_ip_groups": null,
                "target_fqdns": [
                  "download.opensuse.org",
                  "ntp.ubuntu.com",
                  "packages.microsoft.com",
                  "security.ubuntu.com",
                  "snapcraft.io"
                ]
              }
            ],
            "timeouts": null
          },
          "sensitive_attributes": [],
          "private": "eyJlMmJmYjczMC1lY2FhLTExZTYtOGY4OC0zNDM2M2JjN2M0YzAiOnsiY3JlYXRlIjoxODAwMDAwMDAwMDAwLCJkZWxldGUiOjE4MDAwMDAwMDAwMDAsInJlYWQiOjMwMDAwMDAwMDAwMCwidXBkYXRlIjoxODAwMDAwMDAwMDAwfX0=",
          "dependencies": [
            "azurerm_resource_group.vnet",
            "module.firewall.azurerm_firewall.fw",
            "module.firewall.azurerm_public_ip.pip",
            "module.hub_network.azurerm_subnet.subnet",
            "module.hub_network.azurerm_virtual_network.vnet"
          ]
        }
      ]
    },
    {
      "module": "module.firewall",
      "mode": "managed",
      "type": "azurerm_firewall_application_rule_collection",
      "name": "publicimages",
      "provider": "provider[\"registry.terraform.io/hashicorp/azurerm\"]",
      "instances": [
        {
          "schema_version": 0,
          "attributes": {
            "action": "Allow",
            "azure_firewall_name": "kubenetfw",
            "id": "/subscriptions/875759d2-f6a7-4864-a5f3-e230d6c6779c/resourceGroups/hub-rg/providers/Microsoft.Network/azureFirewalls/kubenetfw/applicationRuleCollections/publicimages",
            "name": "publicimages",
            "priority": 103,
            "resource_group_name": "hub-rg",
            "rule": [
              {
                "description": "",
                "fqdn_tags": null,
                "name": "allow network",
                "protocol": [
                  {
                    "port": 80,
                    "type": "Http"
                  },
                  {
                    "port": 443,
                    "type": "Https"
                  }
                ],
                "source_addresses": [
                  "*"
                ],
                "source_ip_groups": null,
                "target_fqdns": [
                  "auth.docker.io",
                  "production.cloudflare.docker.com",
                  "registry-1.docker.io"
                ]
              }
            ],
            "timeouts": null
          },
          "sensitive_attributes": [],
          "private": "eyJlMmJmYjczMC1lY2FhLTExZTYtOGY4OC0zNDM2M2JjN2M0YzAiOnsiY3JlYXRlIjoxODAwMDAwMDAwMDAwLCJkZWxldGUiOjE4MDAwMDAwMDAwMDAsInJlYWQiOjMwMDAwMDAwMDAwMCwidXBkYXRlIjoxODAwMDAwMDAwMDAwfX0=",
          "dependencies": [
            "azurerm_resource_group.vnet",
            "module.firewall.azurerm_firewall.fw",
            "module.firewall.azurerm_public_ip.pip",
            "module.hub_network.azurerm_subnet.subnet",
            "module.hub_network.azurerm_virtual_network.vnet"
          ]
        }
      ]
    },
    {
      "module": "module.firewall",
      "mode": "managed",
      "type": "azurerm_firewall_application_rule_collection",
      "name": "test",
      "provider": "provider[\"registry.terraform.io/hashicorp/azurerm\"]",
      "instances": [
        {
          "schema_version": 0,
          "attributes": {
            "action": "Allow",
            "azure_firewall_name": "kubenetfw",
            "id": "/subscriptions/875759d2-f6a7-4864-a5f3-e230d6c6779c/resourceGroups/hub-rg/providers/Microsoft.Network/azureFirewalls/kubenetfw/applicationRuleCollections/test",
            "name": "test",
            "priority": 104,
            "resource_group_name": "hub-rg",
            "rule": [
              {
                "description": "",
                "fqdn_tags": null,
                "name": "allow network",
                "protocol": [
                  {
                    "port": 80,
                    "type": "Http"
                  },
                  {
                    "port": 443,
                    "type": "Https"
                  }
                ],
                "source_addresses": [
                  "*"
                ],
                "source_ip_groups": null,
                "target_fqdns": [
                  "*.bing.com"
                ]
              }
            ],
            "timeouts": null
          },
          "sensitive_attributes": [],
          "private": "eyJlMmJmYjczMC1lY2FhLTExZTYtOGY4OC0zNDM2M2JjN2M0YzAiOnsiY3JlYXRlIjoxODAwMDAwMDAwMDAwLCJkZWxldGUiOjE4MDAwMDAwMDAwMDAsInJlYWQiOjMwMDAwMDAwMDAwMCwidXBkYXRlIjoxODAwMDAwMDAwMDAwfX0=",
          "dependencies": [
            "azurerm_resource_group.vnet",
            "module.firewall.azurerm_firewall.fw",
            "module.firewall.azurerm_public_ip.pip",
            "module.hub_network.azurerm_subnet.subnet",
            "module.hub_network.azurerm_virtual_network.vnet"
          ]
        }
      ]
    },
    {
      "module": "module.firewall",
      "mode": "managed",
      "type": "azurerm_firewall_network_rule_collection",
      "name": "dns",
      "provider": "provider[\"registry.terraform.io/hashicorp/azurerm\"]",
      "instances": [
        {
          "schema_version": 0,
          "attributes": {
            "action": "Allow",
            "azure_firewall_name": "kubenetfw",
            "id": "/subscriptions/875759d2-f6a7-4864-a5f3-e230d6c6779c/resourceGroups/hub-rg/providers/Microsoft.Network/azureFirewalls/kubenetfw/networkRuleCollections/dns",
            "name": "dns",
            "priority": 102,
            "resource_group_name": "hub-rg",
            "rule": [
              {
                "description": "aks node dns rule",
                "destination_addresses": [
                  "*"
                ],
                "destination_fqdns": [],
                "destination_ip_groups": [],
                "destination_ports": [
                  "53"
                ],
                "name": "allow network",
                "protocols": [
                  "UDP"
                ],
                "source_addresses": [
                  "*"
                ],
                "source_ip_groups": []
              }
            ],
            "timeouts": null
          },
          "sensitive_attributes": [],
          "private": "eyJlMmJmYjczMC1lY2FhLTExZTYtOGY4OC0zNDM2M2JjN2M0YzAiOnsiY3JlYXRlIjoxODAwMDAwMDAwMDAwLCJkZWxldGUiOjE4MDAwMDAwMDAwMDAsInJlYWQiOjMwMDAwMDAwMDAwMCwidXBkYXRlIjoxODAwMDAwMDAwMDAwfX0=",
          "dependencies": [
            "azurerm_resource_group.vnet",
            "module.firewall.azurerm_firewall.fw",
            "module.firewall.azurerm_public_ip.pip",
            "module.hub_network.azurerm_subnet.subnet",
            "module.hub_network.azurerm_virtual_network.vnet"
          ]
        }
      ]
    },
    {
      "module": "module.firewall",
      "mode": "managed",
      "type": "azurerm_firewall_network_rule_collection",
      "name": "servicetags",
      "provider": "provider[\"registry.terraform.io/hashicorp/azurerm\"]",
      "instances": [
        {
          "schema_version": 0,
          "attributes": {
            "action": "Allow",
            "azure_firewall_name": "kubenetfw",
            "id": "/subscriptions/875759d2-f6a7-4864-a5f3-e230d6c6779c/resourceGroups/hub-rg/providers/Microsoft.Network/azureFirewalls/kubenetfw/networkRuleCollections/servicetags",
            "name": "servicetags",
            "priority": 110,
            "resource_group_name": "hub-rg",
            "rule": [
              {
                "description": "allow service tags",
                "destination_addresses": [
                  "AzureActiveDirectory",
                  "AzureContainerRegistry",
                  "MicrosoftContainerRegistry"
                ],
                "destination_fqdns": [],
                "destination_ip_groups": [],
                "destination_ports": [
                  "*"
                ],
                "name": "allow service tags",
                "protocols": [
                  "Any"
                ],
                "source_addresses": [
                  "*"
                ],
                "source_ip_groups": []
              }
            ],
            "timeouts": null
          },
          "sensitive_attributes": [],
          "private": "eyJlMmJmYjczMC1lY2FhLTExZTYtOGY4OC0zNDM2M2JjN2M0YzAiOnsiY3JlYXRlIjoxODAwMDAwMDAwMDAwLCJkZWxldGUiOjE4MDAwMDAwMDAwMDAsInJlYWQiOjMwMDAwMDAwMDAwMCwidXBkYXRlIjoxODAwMDAwMDAwMDAwfX0=",
          "dependencies": [
            "azurerm_resource_group.vnet",
            "module.firewall.azurerm_firewall.fw",
            "module.firewall.azurerm_public_ip.pip",
            "module.hub_network.azurerm_subnet.subnet",
            "module.hub_network.azurerm_virtual_network.vnet"
          ]
        }
      ]
    },
    {
      "module": "module.firewall",
      "mode": "managed",
      "type": "azurerm_firewall_network_rule_collection",
      "name": "time",
      "provider": "provider[\"registry.terraform.io/hashicorp/azurerm\"]",
      "instances": [
        {
          "schema_version": 0,
          "attributes": {
            "action": "Allow",
            "azure_firewall_name": "kubenetfw",
            "id": "/subscriptions/875759d2-f6a7-4864-a5f3-e230d6c6779c/resourceGroups/hub-rg/providers/Microsoft.Network/azureFirewalls/kubenetfw/networkRuleCollections/time",
            "name": "time",
            "priority": 101,
            "resource_group_name": "hub-rg",
            "rule": [
              {
                "description": "aks node time sync rule",
                "destination_addresses": [
                  "*"
                ],
                "destination_fqdns": [],
                "destination_ip_groups": [],
                "destination_ports": [
                  "123"
                ],
                "name": "allow network",
                "protocols": [
                  "UDP"
                ],
                "source_addresses": [
                  "*"
                ],
                "source_ip_groups": []
              }
            ],
            "timeouts": null
          },
          "sensitive_attributes": [],
          "private": "eyJlMmJmYjczMC1lY2FhLTExZTYtOGY4OC0zNDM2M2JjN2M0YzAiOnsiY3JlYXRlIjoxODAwMDAwMDAwMDAwLCJkZWxldGUiOjE4MDAwMDAwMDAwMDAsInJlYWQiOjMwMDAwMDAwMDAwMCwidXBkYXRlIjoxODAwMDAwMDAwMDAwfX0=",
          "dependencies": [
            "azurerm_resource_group.vnet",
            "module.firewall.azurerm_firewall.fw",
            "module.firewall.azurerm_public_ip.pip",
            "module.hub_network.azurerm_subnet.subnet",
            "module.hub_network.azurerm_virtual_network.vnet"
          ]
        }
      ]
    },
    {
      "module": "module.firewall",
      "mode": "managed",
      "type": "azurerm_public_ip",
      "name": "pip",
      "provider": "provider[\"registry.terraform.io/hashicorp/azurerm\"]",
      "instances": [
        {
          "schema_version": 0,
          "attributes": {
            "allocation_method": "Static",
            "domain_name_label": null,
            "fqdn": null,
            "id": "/subscriptions/875759d2-f6a7-4864-a5f3-e230d6c6779c/resourceGroups/hub-rg/providers/Microsoft.Network/publicIPAddresses/azureFirewalls-ip",
            "idle_timeout_in_minutes": 4,
            "ip_address": "52.191.32.187",
            "ip_version": "IPv4",
            "location": "eastus",
            "name": "azureFirewalls-ip",
            "public_ip_prefix_id": null,
            "resource_group_name": "hub-rg",
            "reverse_fqdn": null,
            "sku": "Standard",
            "tags": null,
            "timeouts": null,
            "zones": null
          },
          "sensitive_attributes": [],
          "private": "eyJlMmJmYjczMC1lY2FhLTExZTYtOGY4OC0zNDM2M2JjN2M0YzAiOnsiY3JlYXRlIjoxODAwMDAwMDAwMDAwLCJkZWxldGUiOjE4MDAwMDAwMDAwMDAsInJlYWQiOjMwMDAwMDAwMDAwMCwidXBkYXRlIjoxODAwMDAwMDAwMDAwfX0=",
          "dependencies": [
            "azurerm_resource_group.vnet"
          ]
        }
      ]
    },
    {
      "module": "module.hub_network",
      "mode": "managed",
      "type": "azurerm_subnet",
      "name": "subnet",
      "provider": "provider[\"registry.terraform.io/hashicorp/azurerm\"]",
      "instances": [
        {
          "index_key": "AzureFirewallSubnet",
          "schema_version": 0,
          "attributes": {
            "address_prefix": "10.0.0.0/24",
            "address_prefixes": [
              "10.0.0.0/24"
            ],
            "delegation": [],
            "enforce_private_link_endpoint_network_policies": false,
            "enforce_private_link_service_network_policies": false,
            "id": "/subscriptions/875759d2-f6a7-4864-a5f3-e230d6c6779c/resourceGroups/hub-rg/providers/Microsoft.Network/virtualNetworks/hub-vnet/subnets/AzureFirewallSubnet",
            "name": "AzureFirewallSubnet",
            "resource_group_name": "hub-rg",
            "service_endpoint_policy_ids": null,
            "service_endpoints": [],
            "timeouts": null,
            "virtual_network_name": "hub-vnet"
          },
          "sensitive_attributes": [],
          "private": "eyJlMmJmYjczMC1lY2FhLTExZTYtOGY4OC0zNDM2M2JjN2M0YzAiOnsiY3JlYXRlIjoxODAwMDAwMDAwMDAwLCJkZWxldGUiOjE4MDAwMDAwMDAwMDAsInJlYWQiOjMwMDAwMDAwMDAwMCwidXBkYXRlIjoxODAwMDAwMDAwMDAwfX0=",
          "dependencies": [
            "azurerm_resource_group.vnet",
            "module.hub_network.azurerm_virtual_network.vnet"
          ]
        },
        {
          "index_key": "jumpbox-subnet",
          "schema_version": 0,
          "attributes": {
            "address_prefix": "10.0.1.0/24",
            "address_prefixes": [
              "10.0.1.0/24"
            ],
            "delegation": [
              {
                "name": "Microsoft.ContainerInstance/containerGroups",
                "service_delegation": [
                  {
                    "actions": [
                      "Microsoft.Network/virtualNetworks/subnets/action"
                    ],
                    "name": "Microsoft.ContainerInstance/containerGroups"
                  }
                ]
              }
            ],
            "enforce_private_link_endpoint_network_policies": false,
            "enforce_private_link_service_network_policies": false,
            "id": "/subscriptions/875759d2-f6a7-4864-a5f3-e230d6c6779c/resourceGroups/hub-rg/providers/Microsoft.Network/virtualNetworks/hub-vnet/subnets/jumpbox-subnet",
            "name": "jumpbox-subnet",
            "resource_group_name": "hub-rg",
            "service_endpoint_policy_ids": null,
            "service_endpoints": [
              "Microsoft.Storage"
            ],
            "timeouts": null,
            "virtual_network_name": "hub-vnet"
          },
          "sensitive_attributes": [],
          "private": "eyJlMmJmYjczMC1lY2FhLTExZTYtOGY4OC0zNDM2M2JjN2M0YzAiOnsiY3JlYXRlIjoxODAwMDAwMDAwMDAwLCJkZWxldGUiOjE4MDAwMDAwMDAwMDAsInJlYWQiOjMwMDAwMDAwMDAwMCwidXBkYXRlIjoxODAwMDAwMDAwMDAwfX0=",
          "dependencies": [
            "azurerm_resource_group.vnet",
            "module.hub_network.azurerm_virtual_network.vnet"
          ]
        }
      ]
    },
    {
      "module": "module.hub_network",
      "mode": "managed",
      "type": "azurerm_virtual_network",
      "name": "vnet",
      "provider": "provider[\"registry.terraform.io/hashicorp/azurerm\"]",
      "instances": [
        {
          "schema_version": 0,
          "attributes": {
            "address_space": [
              "10.0.0.0/22"
            ],
            "bgp_community": "",
            "ddos_protection_plan": [],
            "dns_servers": null,
            "guid": "2200ce31-3c68-4fcf-9865-dc7add73b5e7",
            "id": "/subscriptions/875759d2-f6a7-4864-a5f3-e230d6c6779c/resourceGroups/hub-rg/providers/Microsoft.Network/virtualNetworks/hub-vnet",
            "location": "eastus",
            "name": "hub-vnet",
            "resource_group_name": "hub-rg",
            "subnet": [],
            "tags": null,
            "timeouts": null,
            "vm_protection_enabled": false
          },
          "sensitive_attributes": [],
          "private": "eyJlMmJmYjczMC1lY2FhLTExZTYtOGY4OC0zNDM2M2JjN2M0YzAiOnsiY3JlYXRlIjoxODAwMDAwMDAwMDAwLCJkZWxldGUiOjE4MDAwMDAwMDAwMDAsInJlYWQiOjMwMDAwMDAwMDAwMCwidXBkYXRlIjoxODAwMDAwMDAwMDAwfX0=",
          "dependencies": [
            "azurerm_resource_group.vnet"
          ]
        }
      ]
    },
    {
      "module": "module.kube_network",
      "mode": "managed",
      "type": "azurerm_subnet",
      "name": "subnet",
      "provider": "provider[\"registry.terraform.io/hashicorp/azurerm\"]",
      "instances": [
        {
          "index_key": "aks-subnet",
          "schema_version": 0,
          "attributes": {
            "address_prefix": "10.0.5.0/24",
            "address_prefixes": [
              "10.0.5.0/24"
            ],
            "delegation": [],
            "enforce_private_link_endpoint_network_policies": false,
            "enforce_private_link_service_network_policies": false,
            "id": "/subscriptions/875759d2-f6a7-4864-a5f3-e230d6c6779c/resourceGroups/spoke1-rg/providers/Microsoft.Network/virtualNetworks/spoke1-vnet/subnets/aks-subnet",
            "name": "aks-subnet",
            "resource_group_name": "spoke1-rg",
            "service_endpoint_policy_ids": null,
            "service_endpoints": [],
            "timeouts": null,
            "virtual_network_name": "spoke1-vnet"
          },
          "sensitive_attributes": [],
          "private": "eyJlMmJmYjczMC1lY2FhLTExZTYtOGY4OC0zNDM2M2JjN2M0YzAiOnsiY3JlYXRlIjoxODAwMDAwMDAwMDAwLCJkZWxldGUiOjE4MDAwMDAwMDAwMDAsInJlYWQiOjMwMDAwMDAwMDAwMCwidXBkYXRlIjoxODAwMDAwMDAwMDAwfX0=",
          "dependencies": [
            "azurerm_resource_group.kube",
            "module.kube_network.azurerm_virtual_network.vnet"
          ]
        }
      ]
    },
    {
      "module": "module.kube_network",
      "mode": "managed",
      "type": "azurerm_virtual_network",
      "name": "vnet",
      "provider": "provider[\"registry.terraform.io/hashicorp/azurerm\"]",
      "instances": [
        {
          "schema_version": 0,
          "attributes": {
            "address_space": [
              "10.0.4.0/22"
            ],
            "bgp_community": "",
            "ddos_protection_plan": [],
            "dns_servers": null,
            "guid": "e0bbe97f-040d-4d25-878f-6f76350d4f9c",
            "id": "/subscriptions/875759d2-f6a7-4864-a5f3-e230d6c6779c/resourceGroups/spoke1-rg/providers/Microsoft.Network/virtualNetworks/spoke1-vnet",
            "location": "eastus",
            "name": "spoke1-vnet",
            "resource_group_name": "spoke1-rg",
            "subnet": [],
            "tags": null,
            "timeouts": null,
            "vm_protection_enabled": false
          },
          "sensitive_attributes": [],
          "private": "eyJlMmJmYjczMC1lY2FhLTExZTYtOGY4OC0zNDM2M2JjN2M0YzAiOnsiY3JlYXRlIjoxODAwMDAwMDAwMDAwLCJkZWxldGUiOjE4MDAwMDAwMDAwMDAsInJlYWQiOjMwMDAwMDAwMDAwMCwidXBkYXRlIjoxODAwMDAwMDAwMDAwfX0=",
          "dependencies": [
            "azurerm_resource_group.kube"
          ]
        }
      ]
    },
    {
      "module": "module.routetable",
      "mode": "managed",
      "type": "azurerm_route_table",
      "name": "rt",
      "provider": "provider[\"registry.terraform.io/hashicorp/azurerm\"]",
      "instances": [
        {
          "schema_version": 0,
          "attributes": {
            "disable_bgp_route_propagation": false,
            "id": "/subscriptions/875759d2-f6a7-4864-a5f3-e230d6c6779c/resourceGroups/hub-rg/providers/Microsoft.Network/routeTables/kubenetfw_fw_rt",
            "location": "eastus",
            "name": "kubenetfw_fw_rt",
            "resource_group_name": "hub-rg",
            "route": [
              {
                "address_prefix": "0.0.0.0/0",
                "name": "kubenetfw_fw_r",
                "next_hop_in_ip_address": "10.0.0.4",
                "next_hop_type": "VirtualAppliance"
              }
            ],
            "subnets": [],
            "tags": null,
            "timeouts": null
          },
          "sensitive_attributes": [],
          "private": "eyJlMmJmYjczMC1lY2FhLTExZTYtOGY4OC0zNDM2M2JjN2M0YzAiOnsiY3JlYXRlIjoxODAwMDAwMDAwMDAwLCJkZWxldGUiOjE4MDAwMDAwMDAwMDAsInJlYWQiOjMwMDAwMDAwMDAwMCwidXBkYXRlIjoxODAwMDAwMDAwMDAwfX0=",
          "dependencies": [
            "azurerm_resource_group.vnet",
            "module.firewall.azurerm_firewall.fw",
            "module.firewall.azurerm_public_ip.pip",
            "module.hub_network.azurerm_subnet.subnet",
            "module.hub_network.azurerm_virtual_network.vnet"
          ]
        }
      ]
    },
    {
      "module": "module.routetable",
      "mode": "managed",
      "type": "azurerm_subnet_route_table_association",
      "name": "aks_subnet_association",
      "provider": "provider[\"registry.terraform.io/hashicorp/azurerm\"]",
      "instances": [
        {
          "schema_version": 0,
          "attributes": {
            "id": "/subscriptions/875759d2-f6a7-4864-a5f3-e230d6c6779c/resourceGroups/spoke1-rg/providers/Microsoft.Network/virtualNetworks/spoke1-vnet/subnets/aks-subnet",
            "route_table_id": "/subscriptions/875759d2-f6a7-4864-a5f3-e230d6c6779c/resourceGroups/hub-rg/providers/Microsoft.Network/routeTables/kubenetfw_fw_rt",
            "subnet_id": "/subscriptions/875759d2-f6a7-4864-a5f3-e230d6c6779c/resourceGroups/spoke1-rg/providers/Microsoft.Network/virtualNetworks/spoke1-vnet/subnets/aks-subnet",
            "timeouts": null
          },
          "sensitive_attributes": [],
          "private": "eyJlMmJmYjczMC1lY2FhLTExZTYtOGY4OC0zNDM2M2JjN2M0YzAiOnsiY3JlYXRlIjoxODAwMDAwMDAwMDAwLCJkZWxldGUiOjE4MDAwMDAwMDAwMDAsInJlYWQiOjMwMDAwMDAwMDAwMCwidXBkYXRlIjoxODAwMDAwMDAwMDAwfX0=",
          "dependencies": [
            "azurerm_resource_group.kube",
            "azurerm_resource_group.vnet",
            "module.firewall.azurerm_firewall.fw",
            "module.firewall.azurerm_public_ip.pip",
            "module.hub_network.azurerm_subnet.subnet",
            "module.hub_network.azurerm_virtual_network.vnet",
            "module.kube_network.azurerm_subnet.subnet",
            "module.kube_network.azurerm_virtual_network.vnet",
            "module.routetable.azurerm_route_table.rt"
          ]
        }
      ]
    },
    {
      "module": "module.vnet_peering",
      "mode": "managed",
      "type": "azurerm_virtual_network_peering",
      "name": "peering",
      "provider": "provider[\"registry.terraform.io/hashicorp/azurerm\"]",
      "instances": [
        {
          "schema_version": 0,
          "attributes": {
            "allow_forwarded_traffic": false,
            "allow_gateway_transit": false,
            "allow_virtual_network_access": true,
            "id": "/subscriptions/875759d2-f6a7-4864-a5f3-e230d6c6779c/resourceGroups/hub-rg/providers/Microsoft.Network/virtualNetworks/hub-vnet/virtualNetworkPeerings/HubToSpoke1",
            "name": "HubToSpoke1",
            "remote_virtual_network_id": "/subscriptions/875759d2-f6a7-4864-a5f3-e230d6c6779c/resourceGroups/spoke1-rg/providers/Microsoft.Network/virtualNetworks/spoke1-vnet",
            "resource_group_name": "hub-rg",
            "timeouts": null,
            "use_remote_gateways": false,
            "virtual_network_name": "hub-vnet"
          },
          "sensitive_attributes": [],
          "private": "eyJlMmJmYjczMC1lY2FhLTExZTYtOGY4OC0zNDM2M2JjN2M0YzAiOnsiY3JlYXRlIjoxODAwMDAwMDAwMDAwLCJkZWxldGUiOjE4MDAwMDAwMDAwMDAsInJlYWQiOjMwMDAwMDAwMDAwMCwidXBkYXRlIjoxODAwMDAwMDAwMDAwfX0=",
          "dependencies": [
            "azurerm_resource_group.kube",
            "azurerm_resource_group.vnet",
            "module.kube_network.azurerm_virtual_network.vnet"
          ]
        }
      ]
    },
    {
      "module": "module.vnet_peering",
      "mode": "managed",
      "type": "azurerm_virtual_network_peering",
      "name": "peering-back",
      "provider": "provider[\"registry.terraform.io/hashicorp/azurerm\"]",
      "instances": [
        {
          "schema_version": 0,
          "attributes": {
            "allow_forwarded_traffic": false,
            "allow_gateway_transit": false,
            "allow_virtual_network_access": true,
            "id": "/subscriptions/875759d2-f6a7-4864-a5f3-e230d6c6779c/resourceGroups/spoke1-rg/providers/Microsoft.Network/virtualNetworks/spoke1-vnet/virtualNetworkPeerings/Spoke1ToHub",
            "name": "Spoke1ToHub",
            "remote_virtual_network_id": "/subscriptions/875759d2-f6a7-4864-a5f3-e230d6c6779c/resourceGroups/hub-rg/providers/Microsoft.Network/virtualNetworks/hub-vnet",
            "resource_group_name": "spoke1-rg",
            "timeouts": null,
            "use_remote_gateways": false,
            "virtual_network_name": "spoke1-vnet"
          },
          "sensitive_attributes": [],
          "private": "eyJlMmJmYjczMC1lY2FhLTExZTYtOGY4OC0zNDM2M2JjN2M0YzAiOnsiY3JlYXRlIjoxODAwMDAwMDAwMDAwLCJkZWxldGUiOjE4MDAwMDAwMDAwMDAsInJlYWQiOjMwMDAwMDAwMDAwMCwidXBkYXRlIjoxODAwMDAwMDAwMDAwfX0=",
          "dependencies": [
            "azurerm_resource_group.kube",
            "azurerm_resource_group.vnet",
            "module.hub_network.azurerm_virtual_network.vnet"
          ]
        }
      ]
    }
  ]
}
